
Microsoft Visual Studio Solution File, Format Version 12.00
# Visual Studio 15
VisualStudioVersion = 15.0.26730.16
MinimumVisualStudioVersion = 10.0.40219.1
Project("{FAE04EC0-301F-11D3-BF4B-00C04F79EFBC}") = "CorePackage", "CorePackage.csproj", "{5BA47E07-8871-4F32-B2B4-EA35502F96CF}"
EndProject
Project("{FAE04EC0-301F-11D3-BF4B-00C04F79EFBC}") = "CoreTest", "..\CoreTest\CoreTest.csproj", "{705A1EF7-8A96-43DC-964B-7A74B2E023BA}"
EndProject
Project("{FAE04EC0-301F-11D3-BF4B-00C04F79EFBC}") = "CorePackageNet", "..\CorePackageNet\CorePackageNet.csproj", "{DC0C6FC8-7D9D-4AC6-9B64-C8E3C39CA105}"
EndProject
Project("{FAE04EC0-301F-11D3-BF4B-00C04F79EFBC}") = "CoreTestNet", "CoreTestNet\CoreTestNet.csproj", "{3D802BCB-D9F0-4E78-90E8-D1FF7EFFF6EA}"
EndProject
Project("{FAE04EC0-301F-11D3-BF4B-00C04F79EFBC}") = "TestApp", "..\TestApp\TestApp.csproj", "{938FA5EF-680C-462E-A509-FCBBCDC037B8}"
EndProject
Global
	GlobalSection(SolutionConfigurationPlatforms) = preSolution
		Debug|Any CPU = Debug|Any CPU
		Debug|ARM = Debug|ARM
		Debug|x64 = Debug|x64
		Debug|x86 = Debug|x86
		Release|Any CPU = Release|Any CPU
		Release|ARM = Release|ARM
		Release|x64 = Release|x64
		Release|x86 = Release|x86
	EndGlobalSection
	GlobalSection(ProjectConfigurationPlatforms) = postSolution
		{5BA47E07-8871-4F32-B2B4-EA35502F96CF}.Debug|Any CPU.ActiveCfg = Debug|Any CPU
		{5BA47E07-8871-4F32-B2B4-EA35502F96CF}.Debug|Any CPU.Build.0 = Debug|Any CPU
		{5BA47E07-8871-4F32-B2B4-EA35502F96CF}.Debug|ARM.ActiveCfg = Debug|ARM
		{5BA47E07-8871-4F32-B2B4-EA35502F96CF}.Debug|ARM.Build.0 = Debug|ARM
		{5BA47E07-8871-4F32-B2B4-EA35502F96CF}.Debug|x64.ActiveCfg = Debug|x64
		{5BA47E07-8871-4F32-B2B4-EA35502F96CF}.Debug|x64.Build.0 = Debug|x64
		{5BA47E07-8871-4F32-B2B4-EA35502F96CF}.Debug|x86.ActiveCfg = Debug|x86
		{5BA47E07-8871-4F32-B2B4-EA35502F96CF}.Debug|x86.Build.0 = Debug|x86
		{5BA47E07-8871-4F32-B2B4-EA35502F96CF}.Release|Any CPU.ActiveCfg = Release|Any CPU
		{5BA47E07-8871-4F32-B2B4-EA35502F96CF}.Release|Any CPU.Build.0 = Release|Any CPU
		{5BA47E07-8871-4F32-B2B4-EA35502F96CF}.Release|ARM.ActiveCfg = Release|ARM
		{5BA47E07-8871-4F32-B2B4-EA35502F96CF}.Release|ARM.Build.0 = Release|ARM
		{5BA47E07-8871-4F32-B2B4-EA35502F96CF}.Release|x64.ActiveCfg = Release|x64
		{5BA47E07-8871-4F32-B2B4-EA35502F96CF}.Release|x64.Build.0 = Release|x64
		{5BA47E07-8871-4F32-B2B4-EA35502F96CF}.Release|x86.ActiveCfg = Release|x86
		{5BA47E07-8871-4F32-B2B4-EA35502F96CF}.Release|x86.Build.0 = Release|x86
		{705A1EF7-8A96-43DC-964B-7A74B2E023BA}.Debug|Any CPU.ActiveCfg = Debug|x86
		{705A1EF7-8A96-43DC-964B-7A74B2E023BA}.Debug|ARM.ActiveCfg = Debug|ARM
		{705A1EF7-8A96-43DC-964B-7A74B2E023BA}.Debug|ARM.Build.0 = Debug|ARM
		{705A1EF7-8A96-43DC-964B-7A74B2E023BA}.Debug|ARM.Deploy.0 = Debug|ARM
		{705A1EF7-8A96-43DC-964B-7A74B2E023BA}.Debug|x64.ActiveCfg = Debug|x64
		{705A1EF7-8A96-43DC-964B-7A74B2E023BA}.Debug|x64.Build.0 = Debug|x64
		{705A1EF7-8A96-43DC-964B-7A74B2E023BA}.Debug|x64.Deploy.0 = Debug|x64
		{705A1EF7-8A96-43DC-964B-7A74B2E023BA}.Debug|x86.ActiveCfg = Debug|x86
		{705A1EF7-8A96-43DC-964B-7A74B2E023BA}.Debug|x86.Build.0 = Debug|x86
		{705A1EF7-8A96-43DC-964B-7A74B2E023BA}.Debug|x86.Deploy.0 = Debug|x86
		{705A1EF7-8A96-43DC-964B-7A74B2E023BA}.Release|Any CPU.ActiveCfg = Release|x86
		{705A1EF7-8A96-43DC-964B-7A74B2E023BA}.Release|ARM.ActiveCfg = Release|ARM
		{705A1EF7-8A96-43DC-964B-7A74B2E023BA}.Release|ARM.Build.0 = Release|ARM
		{705A1EF7-8A96-43DC-964B-7A74B2E023BA}.Release|ARM.Deploy.0 = Release|ARM
		{705A1EF7-8A96-43DC-964B-7A74B2E023BA}.Release|x64.ActiveCfg = Release|x64
		{705A1EF7-8A96-43DC-964B-7A74B2E023BA}.Release|x64.Build.0 = Release|x64
		{705A1EF7-8A96-43DC-964B-7A74B2E023BA}.Release|x64.Deploy.0 = Release|x64
		{705A1EF7-8A96-43DC-964B-7A74B2E023BA}.Release|x86.ActiveCfg = Release|x86
		{705A1EF7-8A96-43DC-964B-7A74B2E023BA}.Release|x86.Build.0 = Release|x86
		{705A1EF7-8A96-43DC-964B-7A74B2E023BA}.Release|x86.Deploy.0 = Release|x86
		{DC0C6FC8-7D9D-4AC6-9B64-C8E3C39CA105}.Debug|Any CPU.ActiveCfg = Debug|Any CPU
		{DC0C6FC8-7D9D-4AC6-9B64-C8E3C39CA105}.Debug|Any CPU.Build.0 = Debug|Any CPU
		{DC0C6FC8-7D9D-4AC6-9B64-C8E3C39CA105}.Debug|ARM.ActiveCfg = Debug|Any CPU
		{DC0C6FC8-7D9D-4AC6-9B64-C8E3C39CA105}.Debug|ARM.Build.0 = Debug|Any CPU
		{DC0C6FC8-7D9D-4AC6-9B64-C8E3C39CA105}.Debug|x64.ActiveCfg = Debug|Any CPU
		{DC0C6FC8-7D9D-4AC6-9B64-C8E3C39CA105}.Debug|x64.Build.0 = Debug|Any CPU
		{DC0C6FC8-7D9D-4AC6-9B64-C8E3C39CA105}.Debug|x86.ActiveCfg = Debug|Any CPU
		{DC0C6FC8-7D9D-4AC6-9B64-C8E3C39CA105}.Debug|x86.Build.0 = Debug|Any CPU
		{DC0C6FC8-7D9D-4AC6-9B64-C8E3C39CA105}.Release|Any CPU.ActiveCfg = Release|Any CPU
		{DC0C6FC8-7D9D-4AC6-9B64-C8E3C39CA105}.Release|Any CPU.Build.0 = Release|Any CPU
		{DC0C6FC8-7D9D-4AC6-9B64-C8E3C39CA105}.Release|ARM.ActiveCfg = Release|Any CPU
		{DC0C6FC8-7D9D-4AC6-9B64-C8E3C39CA105}.Release|ARM.Build.0 = Release|Any CPU
		{DC0C6FC8-7D9D-4AC6-9B64-C8E3C39CA105}.Release|x64.ActiveCfg = Release|Any CPU
		{DC0C6FC8-7D9D-4AC6-9B64-C8E3C39CA105}.Release|x64.Build.0 = Release|Any CPU
		{DC0C6FC8-7D9D-4AC6-9B64-C8E3C39CA105}.Release|x86.ActiveCfg = Release|Any CPU
		{DC0C6FC8-7D9D-4AC6-9B64-C8E3C39CA105}.Release|x86.Build.0 = Release|Any CPU
		{3D802BCB-D9F0-4E78-90E8-D1FF7EFFF6EA}.Debug|Any CPU.ActiveCfg = Debug|Any CPU
		{3D802BCB-D9F0-4E78-90E8-D1FF7EFFF6EA}.Debug|Any CPU.Build.0 = Debug|Any CPU
		{3D802BCB-D9F0-4E78-90E8-D1FF7EFFF6EA}.Debug|ARM.ActiveCfg = Debug|Any CPU
		{3D802BCB-D9F0-4E78-90E8-D1FF7EFFF6EA}.Debug|ARM.Build.0 = Debug|Any CPU
		{3D802BCB-D9F0-4E78-90E8-D1FF7EFFF6EA}.Debug|x64.ActiveCfg = Debug|Any CPU
		{3D802BCB-D9F0-4E78-90E8-D1FF7EFFF6EA}.Debug|x64.Build.0 = Debug|Any CPU
		{3D802BCB-D9F0-4E78-90E8-D1FF7EFFF6EA}.Debug|x86.ActiveCfg = Debug|Any CPU
		{3D802BCB-D9F0-4E78-90E8-D1FF7EFFF6EA}.Debug|x86.Build.0 = Debug|Any CPU
		{3D802BCB-D9F0-4E78-90E8-D1FF7EFFF6EA}.Release|Any CPU.ActiveCfg = Release|Any CPU
		{3D802BCB-D9F0-4E78-90E8-D1FF7EFFF6EA}.Release|Any CPU.Build.0 = Release|Any CPU
		{3D802BCB-D9F0-4E78-90E8-D1FF7EFFF6EA}.Release|ARM.ActiveCfg = Release|Any CPU
		{3D802BCB-D9F0-4E78-90E8-D1FF7EFFF6EA}.Release|ARM.Build.0 = Release|Any CPU
		{3D802BCB-D9F0-4E78-90E8-D1FF7EFFF6EA}.Release|x64.ActiveCfg = Release|Any CPU
		{3D802BCB-D9F0-4E78-90E8-D1FF7EFFF6EA}.Release|x64.Build.0 = Release|Any CPU
		{3D802BCB-D9F0-4E78-90E8-D1FF7EFFF6EA}.Release|x86.ActiveCfg = Release|Any CPU
		{3D802BCB-D9F0-4E78-90E8-D1FF7EFFF6EA}.Release|x86.Build.0 = Release|Any CPU
		{938FA5EF-680C-462E-A509-FCBBCDC037B8}.Debug|Any CPU.ActiveCfg = Debug|Any CPU
		{938FA5EF-680C-462E-A509-FCBBCDC037B8}.Debug|Any CPU.Build.0 = Debug|Any CPU
		{938FA5EF-680C-462E-A509-FCBBCDC037B8}.Debug|ARM.ActiveCfg = Debug|Any CPU
		{938FA5EF-680C-462E-A509-FCBBCDC037B8}.Debug|ARM.Build.0 = Debug|Any CPU
		{938FA5EF-680C-462E-A509-FCBBCDC037B8}.Debug|x64.ActiveCfg = Debug|Any CPU
		{938FA5EF-680C-462E-A509-FCBBCDC037B8}.Debug|x64.Build.0 = Debug|Any CPU
		{938FA5EF-680C-462E-A509-FCBBCDC037B8}.Debug|x86.ActiveCfg = Debug|Any CPU
		{938FA5EF-680C-462E-A509-FCBBCDC037B8}.Debug|x86.Build.0 = Debug|Any CPU
		{938FA5EF-680C-462E-A509-FCBBCDC037B8}.Release|Any CPU.ActiveCfg = Release|Any CPU
		{938FA5EF-680C-462E-A509-FCBBCDC037B8}.Release|Any CPU.Build.0 = Release|Any CPU
		{938FA5EF-680C-462E-A509-FCBBCDC037B8}.Release|ARM.ActiveCfg = Release|Any CPU
		{938FA5EF-680C-462E-A509-FCBBCDC037B8}.Release|ARM.Build.0 = Release|Any CPU
		{938FA5EF-680C-462E-A509-FCBBCDC037B8}.Release|x64.ActiveCfg = Release|Any CPU
		{938FA5EF-680C-462E-A509-FCBBCDC037B8}.Release|x64.Build.0 = Release|Any CPU
		{938FA5EF-680C-462E-A509-FCBBCDC037B8}.Release|x86.ActiveCfg = Release|Any CPU
		{938FA5EF-680C-462E-A509-FCBBCDC037B8}.Release|x86.Build.0 = Release|Any CPU
	EndGlobalSection
	GlobalSection(SolutionProperties) = preSolution
		HideSolutionNode = FALSE
	EndGlobalSection
	GlobalSection(ExtensibilityGlobals) = postSolution
		SolutionGuid = {606D052F-62C1-485D-AF33-1D3C165676F0}
	EndGlobalSection
EndGlobal
