
Microsoft Visual Studio Solution File, Format Version 12.00
# Visual Studio 15
VisualStudioVersion = 15.0.27004.2010
MinimumVisualStudioVersion = 10.0.40219.1
Project("{FAE04EC0-301F-11D3-BF4B-00C04F79EFBC}") = "CorePackage", "CorePackage\CorePackage.csproj", "{DC0C6FC8-7D9D-4AC6-9B64-C8E3C39CA105}"
	ProjectSection(ProjectDependencies) = postProject
		{89733D6E-A3D3-46EB-801D-8C7302308E23} = {89733D6E-A3D3-46EB-801D-8C7302308E23}
		{2C4DEE9A-8B97-449B-9839-0CBD35A5306E} = {2C4DEE9A-8B97-449B-9839-0CBD35A5306E}
	EndProjectSection
EndProject
Project("{FAE04EC0-301F-11D3-BF4B-00C04F79EFBC}") = "TestCore", "TestCore\TestCore.csproj", "{DB004E7D-B2E6-4F7B-AE1C-189CD5963F9A}"
	ProjectSection(ProjectDependencies) = postProject
		{DC0C6FC8-7D9D-4AC6-9B64-C8E3C39CA105} = {DC0C6FC8-7D9D-4AC6-9B64-C8E3C39CA105}
	EndProjectSection
EndProject
Project("{FAE04EC0-301F-11D3-BF4B-00C04F79EFBC}") = "CoreControl", "CoreControl\CoreControl.csproj", "{DD2B786E-17B1-443B-A449-49199B6A46A8}"
	ProjectSection(ProjectDependencies) = postProject
		{DC0C6FC8-7D9D-4AC6-9B64-C8E3C39CA105} = {DC0C6FC8-7D9D-4AC6-9B64-C8E3C39CA105}
	EndProjectSection
EndProject
Project("{FAE04EC0-301F-11D3-BF4B-00C04F79EFBC}") = "TestControler", "TestControler\TestControler.csproj", "{8DE4C3E0-0FFB-4783-90F5-5D107A150328}"
EndProject
Project("{FAE04EC0-301F-11D3-BF4B-00C04F79EFBC}") = "EventClient", "EventServerClient\EventClient.csproj", "{2C4DEE9A-8B97-449B-9839-0CBD35A5306E}"
EndProject
Project("{FAE04EC0-301F-11D3-BF4B-00C04F79EFBC}") = "TestEventClient", "EventServerClientTest\TestEventClient.csproj", "{43E1DE0E-2E05-4FBB-B19D-26D41C060716}"
EndProject
Project("{FAE04EC0-301F-11D3-BF4B-00C04F79EFBC}") = "CoreCommand", "CoreCommand\CoreCommand.csproj", "{022FFC42-784D-4D25-8598-3E356DC7B7DB}"
EndProject
Project("{FAE04EC0-301F-11D3-BF4B-00C04F79EFBC}") = "TestCommand", "TestCommand\TestCommand.csproj", "{7FF9E326-5841-4DD3-8840-7B4CD898C5F0}"
EndProject
Project("{FAE04EC0-301F-11D3-BF4B-00C04F79EFBC}") = "CoreNetwork", "CoreNetwork\CoreNetwork.csproj", "{4BDCAF42-5631-40F4-A497-6D8410085579}"
EndProject
Project("{FAE04EC0-301F-11D3-BF4B-00C04F79EFBC}") = "CoreDaemon", "CoreDaemon\CoreDaemon.csproj", "{17546F12-066E-4435-AFD1-22DC480FA744}"
	ProjectSection(ProjectDependencies) = postProject
		{4BDCAF42-5631-40F4-A497-6D8410085579} = {4BDCAF42-5631-40F4-A497-6D8410085579}
		{022FFC42-784D-4D25-8598-3E356DC7B7DB} = {022FFC42-784D-4D25-8598-3E356DC7B7DB}
		{DC0C6FC8-7D9D-4AC6-9B64-C8E3C39CA105} = {DC0C6FC8-7D9D-4AC6-9B64-C8E3C39CA105}
	EndProjectSection
EndProject
Project("{FAE04EC0-301F-11D3-BF4B-00C04F79EFBC}") = "TestNetwork", "TestNetwork\TestNetwork.csproj", "{E8649199-6750-4863-8C2E-3C6B09F40A0D}"
EndProject
Project("{FAE04EC0-301F-11D3-BF4B-00C04F79EFBC}") = "CorePluginUnity", "PluginUnity\CorePluginUnity\CorePluginUnity.csproj", "{12E93799-D3C3-4CC9-B419-8C6930E65D4F}"
EndProject
Project("{FAE04EC0-301F-11D3-BF4B-00C04F79EFBC}") = "TestUnityPlugin", "TestUnityPlugin\TestUnityPlugin.csproj", "{087675C6-118C-4BD7-B3D9-DBA504A6B17A}"
EndProject
Project("{FAE04EC0-301F-11D3-BF4B-00C04F79EFBC}") = "BinarySerializer", "BinarySerializer\BinarySerializer.csproj", "{89733D6E-A3D3-46EB-801D-8C7302308E23}"
EndProject
Project("{FAE04EC0-301F-11D3-BF4B-00C04F79EFBC}") = "TestSerializer", "TestSerializer\TestSerializer.csproj", "{6BE3A785-BE2A-43A5-BA19-C493F7FC98BE}"
EndProject
Project("{FAE04EC0-301F-11D3-BF4B-00C04F79EFBC}") = "DNAIPluginPublisher", "DNAIPluginPublisher\DNAIPluginPublisher.csproj", "{1C48CDF9-85E5-447A-A3AD-D9AAF7C21BF0}"
	ProjectSection(ProjectDependencies) = postProject
		{B7030D04-822E-4BDF-8635-580E89BAC38A} = {B7030D04-822E-4BDF-8635-580E89BAC38A}
		{89733D6E-A3D3-46EB-801D-8C7302308E23} = {89733D6E-A3D3-46EB-801D-8C7302308E23}
		{2C4DEE9A-8B97-449B-9839-0CBD35A5306E} = {2C4DEE9A-8B97-449B-9839-0CBD35A5306E}
		{DC0C6FC8-7D9D-4AC6-9B64-C8E3C39CA105} = {DC0C6FC8-7D9D-4AC6-9B64-C8E3C39CA105}
	EndProjectSection
EndProject
Project("{FAE04EC0-301F-11D3-BF4B-00C04F79EFBC}") = "CorePluginUnityRuntime", "CorePluginUnityRuntime\CorePluginUnityRuntime.csproj", "{B7030D04-822E-4BDF-8635-580E89BAC38A}"
EndProject
Project("{2150E333-8FDC-42A3-9474-1A3956D46DE8}") = "Plugin", "Plugin", "{EF59B976-47A6-4BA0-85B8-F5E7D0833D5D}"
EndProject
Project("{2150E333-8FDC-42A3-9474-1A3956D46DE8}") = "Tests", "Tests", "{D7772216-590F-4DF7-9F02-F8C8262A8DC5}"
EndProject
Project("{FAE04EC0-301F-11D3-BF4B-00C04F79EFBC}") = "CorePluginLego", "CorePluginLego\CorePluginLego.csproj", "{D51FFE69-EABD-4F00-960C-6827FDDA518E}"
EndProject
Project("{FAE04EC0-301F-11D3-BF4B-00C04F79EFBC}") = "CorePluginMobile.Android", "CorePluginMobile\CorePluginMobile.Android\CorePluginMobile.Android.csproj", "{04305F33-52D1-46D0-9500-6D9514742314}"
EndProject
Project("{FAE04EC0-301F-11D3-BF4B-00C04F79EFBC}") = "CorePluginMobile.iOS", "CorePluginMobile\CorePluginMobile.iOS\CorePluginMobile.iOS.csproj", "{A36B1391-60B4-44C4-9042-7D4A5693D7E9}"
EndProject
Project("{9A19103F-16F7-4668-BE54-9A1E7A4F7556}") = "CorePluginMobile", "CorePluginMobile\CorePluginMobile\CorePluginMobile.csproj", "{95BFE332-8C35-48BC-9C8F-4A31261F2299}"
EndProject
Project("{FAE04EC0-301F-11D3-BF4B-00C04F79EFBC}") = "CorePluginAndroid", "CorePluginAndroid\CorePluginAndroid.csproj", "{DFE54F6C-532C-467F-9656-A5B60786968C}"
EndProject
Project("{2150E333-8FDC-42A3-9474-1A3956D46DE8}") = "Mobile", "Mobile", "{6AC6B3AA-EE04-4888-8E02-581DEFEC343C}"
EndProject
Global
	GlobalSection(SolutionConfigurationPlatforms) = preSolution
		Debug|ARM = Debug|ARM
		Debug|iPhone = Debug|iPhone
		Debug|iPhoneSimulator = Debug|iPhoneSimulator
		Debug|x64 = Debug|x64
		Release|ARM = Release|ARM
		Release|iPhone = Release|iPhone
		Release|iPhoneSimulator = Release|iPhoneSimulator
		Release|x64 = Release|x64
	EndGlobalSection
	GlobalSection(ProjectConfigurationPlatforms) = postSolution
		{DC0C6FC8-7D9D-4AC6-9B64-C8E3C39CA105}.Debug|ARM.ActiveCfg = Debug|Any CPU
		{DC0C6FC8-7D9D-4AC6-9B64-C8E3C39CA105}.Debug|ARM.Build.0 = Debug|Any CPU
		{DC0C6FC8-7D9D-4AC6-9B64-C8E3C39CA105}.Debug|iPhone.ActiveCfg = Debug|Any CPU
		{DC0C6FC8-7D9D-4AC6-9B64-C8E3C39CA105}.Debug|iPhone.Build.0 = Debug|Any CPU
		{DC0C6FC8-7D9D-4AC6-9B64-C8E3C39CA105}.Debug|iPhoneSimulator.ActiveCfg = Debug|Any CPU
		{DC0C6FC8-7D9D-4AC6-9B64-C8E3C39CA105}.Debug|iPhoneSimulator.Build.0 = Debug|Any CPU
		{DC0C6FC8-7D9D-4AC6-9B64-C8E3C39CA105}.Debug|x64.ActiveCfg = Debug|x64
		{DC0C6FC8-7D9D-4AC6-9B64-C8E3C39CA105}.Debug|x64.Build.0 = Debug|x64
		{DC0C6FC8-7D9D-4AC6-9B64-C8E3C39CA105}.Release|ARM.ActiveCfg = Release|Any CPU
		{DC0C6FC8-7D9D-4AC6-9B64-C8E3C39CA105}.Release|ARM.Build.0 = Release|Any CPU
		{DC0C6FC8-7D9D-4AC6-9B64-C8E3C39CA105}.Release|iPhone.ActiveCfg = Release|Any CPU
		{DC0C6FC8-7D9D-4AC6-9B64-C8E3C39CA105}.Release|iPhone.Build.0 = Release|Any CPU
		{DC0C6FC8-7D9D-4AC6-9B64-C8E3C39CA105}.Release|iPhoneSimulator.ActiveCfg = Release|Any CPU
		{DC0C6FC8-7D9D-4AC6-9B64-C8E3C39CA105}.Release|iPhoneSimulator.Build.0 = Release|Any CPU
		{DC0C6FC8-7D9D-4AC6-9B64-C8E3C39CA105}.Release|x64.ActiveCfg = Release|x64
		{DC0C6FC8-7D9D-4AC6-9B64-C8E3C39CA105}.Release|x64.Build.0 = Release|x64
		{DB004E7D-B2E6-4F7B-AE1C-189CD5963F9A}.Debug|ARM.ActiveCfg = Debug|Any CPU
		{DB004E7D-B2E6-4F7B-AE1C-189CD5963F9A}.Debug|ARM.Build.0 = Debug|Any CPU
		{DB004E7D-B2E6-4F7B-AE1C-189CD5963F9A}.Debug|iPhone.ActiveCfg = Debug|Any CPU
		{DB004E7D-B2E6-4F7B-AE1C-189CD5963F9A}.Debug|iPhone.Build.0 = Debug|Any CPU
		{DB004E7D-B2E6-4F7B-AE1C-189CD5963F9A}.Debug|iPhoneSimulator.ActiveCfg = Debug|Any CPU
		{DB004E7D-B2E6-4F7B-AE1C-189CD5963F9A}.Debug|iPhoneSimulator.Build.0 = Debug|Any CPU
		{DB004E7D-B2E6-4F7B-AE1C-189CD5963F9A}.Debug|x64.ActiveCfg = Debug|x64
		{DB004E7D-B2E6-4F7B-AE1C-189CD5963F9A}.Debug|x64.Build.0 = Debug|x64
		{DB004E7D-B2E6-4F7B-AE1C-189CD5963F9A}.Release|ARM.ActiveCfg = Release|Any CPU
		{DB004E7D-B2E6-4F7B-AE1C-189CD5963F9A}.Release|ARM.Build.0 = Release|Any CPU
		{DB004E7D-B2E6-4F7B-AE1C-189CD5963F9A}.Release|iPhone.ActiveCfg = Release|Any CPU
		{DB004E7D-B2E6-4F7B-AE1C-189CD5963F9A}.Release|iPhone.Build.0 = Release|Any CPU
		{DB004E7D-B2E6-4F7B-AE1C-189CD5963F9A}.Release|iPhoneSimulator.ActiveCfg = Release|Any CPU
		{DB004E7D-B2E6-4F7B-AE1C-189CD5963F9A}.Release|iPhoneSimulator.Build.0 = Release|Any CPU
		{DB004E7D-B2E6-4F7B-AE1C-189CD5963F9A}.Release|x64.ActiveCfg = Release|x64
		{DB004E7D-B2E6-4F7B-AE1C-189CD5963F9A}.Release|x64.Build.0 = Release|x64
		{DD2B786E-17B1-443B-A449-49199B6A46A8}.Debug|ARM.ActiveCfg = Debug|Any CPU
		{DD2B786E-17B1-443B-A449-49199B6A46A8}.Debug|ARM.Build.0 = Debug|Any CPU
		{DD2B786E-17B1-443B-A449-49199B6A46A8}.Debug|iPhone.ActiveCfg = Debug|Any CPU
		{DD2B786E-17B1-443B-A449-49199B6A46A8}.Debug|iPhone.Build.0 = Debug|Any CPU
		{DD2B786E-17B1-443B-A449-49199B6A46A8}.Debug|iPhoneSimulator.ActiveCfg = Debug|Any CPU
		{DD2B786E-17B1-443B-A449-49199B6A46A8}.Debug|iPhoneSimulator.Build.0 = Debug|Any CPU
		{DD2B786E-17B1-443B-A449-49199B6A46A8}.Debug|x64.ActiveCfg = Debug|x64
		{DD2B786E-17B1-443B-A449-49199B6A46A8}.Debug|x64.Build.0 = Debug|x64
		{DD2B786E-17B1-443B-A449-49199B6A46A8}.Release|ARM.ActiveCfg = Release|Any CPU
		{DD2B786E-17B1-443B-A449-49199B6A46A8}.Release|ARM.Build.0 = Release|Any CPU
		{DD2B786E-17B1-443B-A449-49199B6A46A8}.Release|iPhone.ActiveCfg = Release|Any CPU
		{DD2B786E-17B1-443B-A449-49199B6A46A8}.Release|iPhone.Build.0 = Release|Any CPU
		{DD2B786E-17B1-443B-A449-49199B6A46A8}.Release|iPhoneSimulator.ActiveCfg = Release|Any CPU
		{DD2B786E-17B1-443B-A449-49199B6A46A8}.Release|iPhoneSimulator.Build.0 = Release|Any CPU
		{DD2B786E-17B1-443B-A449-49199B6A46A8}.Release|x64.ActiveCfg = Release|x64
		{DD2B786E-17B1-443B-A449-49199B6A46A8}.Release|x64.Build.0 = Release|x64
		{8DE4C3E0-0FFB-4783-90F5-5D107A150328}.Debug|ARM.ActiveCfg = Debug|Any CPU
		{8DE4C3E0-0FFB-4783-90F5-5D107A150328}.Debug|ARM.Build.0 = Debug|Any CPU
		{8DE4C3E0-0FFB-4783-90F5-5D107A150328}.Debug|iPhone.ActiveCfg = Debug|Any CPU
		{8DE4C3E0-0FFB-4783-90F5-5D107A150328}.Debug|iPhone.Build.0 = Debug|Any CPU
		{8DE4C3E0-0FFB-4783-90F5-5D107A150328}.Debug|iPhoneSimulator.ActiveCfg = Debug|Any CPU
		{8DE4C3E0-0FFB-4783-90F5-5D107A150328}.Debug|iPhoneSimulator.Build.0 = Debug|Any CPU
		{8DE4C3E0-0FFB-4783-90F5-5D107A150328}.Debug|x64.ActiveCfg = Debug|x64
		{8DE4C3E0-0FFB-4783-90F5-5D107A150328}.Debug|x64.Build.0 = Debug|x64
		{8DE4C3E0-0FFB-4783-90F5-5D107A150328}.Release|ARM.ActiveCfg = Release|Any CPU
		{8DE4C3E0-0FFB-4783-90F5-5D107A150328}.Release|ARM.Build.0 = Release|Any CPU
		{8DE4C3E0-0FFB-4783-90F5-5D107A150328}.Release|iPhone.ActiveCfg = Release|Any CPU
		{8DE4C3E0-0FFB-4783-90F5-5D107A150328}.Release|iPhone.Build.0 = Release|Any CPU
		{8DE4C3E0-0FFB-4783-90F5-5D107A150328}.Release|iPhoneSimulator.ActiveCfg = Release|Any CPU
		{8DE4C3E0-0FFB-4783-90F5-5D107A150328}.Release|iPhoneSimulator.Build.0 = Release|Any CPU
		{8DE4C3E0-0FFB-4783-90F5-5D107A150328}.Release|x64.ActiveCfg = Release|x64
		{8DE4C3E0-0FFB-4783-90F5-5D107A150328}.Release|x64.Build.0 = Release|x64
		{2C4DEE9A-8B97-449B-9839-0CBD35A5306E}.Debug|ARM.ActiveCfg = Debug|Any CPU
		{2C4DEE9A-8B97-449B-9839-0CBD35A5306E}.Debug|ARM.Build.0 = Debug|Any CPU
		{2C4DEE9A-8B97-449B-9839-0CBD35A5306E}.Debug|iPhone.ActiveCfg = Debug|Any CPU
		{2C4DEE9A-8B97-449B-9839-0CBD35A5306E}.Debug|iPhone.Build.0 = Debug|Any CPU
		{2C4DEE9A-8B97-449B-9839-0CBD35A5306E}.Debug|iPhoneSimulator.ActiveCfg = Debug|Any CPU
		{2C4DEE9A-8B97-449B-9839-0CBD35A5306E}.Debug|iPhoneSimulator.Build.0 = Debug|Any CPU
		{2C4DEE9A-8B97-449B-9839-0CBD35A5306E}.Debug|x64.ActiveCfg = Debug|x64
		{2C4DEE9A-8B97-449B-9839-0CBD35A5306E}.Debug|x64.Build.0 = Debug|x64
		{2C4DEE9A-8B97-449B-9839-0CBD35A5306E}.Release|ARM.ActiveCfg = Release|Any CPU
		{2C4DEE9A-8B97-449B-9839-0CBD35A5306E}.Release|ARM.Build.0 = Release|Any CPU
		{2C4DEE9A-8B97-449B-9839-0CBD35A5306E}.Release|iPhone.ActiveCfg = Release|Any CPU
		{2C4DEE9A-8B97-449B-9839-0CBD35A5306E}.Release|iPhone.Build.0 = Release|Any CPU
		{2C4DEE9A-8B97-449B-9839-0CBD35A5306E}.Release|iPhoneSimulator.ActiveCfg = Release|Any CPU
		{2C4DEE9A-8B97-449B-9839-0CBD35A5306E}.Release|iPhoneSimulator.Build.0 = Release|Any CPU
		{2C4DEE9A-8B97-449B-9839-0CBD35A5306E}.Release|x64.ActiveCfg = Release|x64
		{2C4DEE9A-8B97-449B-9839-0CBD35A5306E}.Release|x64.Build.0 = Release|x64
		{43E1DE0E-2E05-4FBB-B19D-26D41C060716}.Debug|ARM.ActiveCfg = Debug|Any CPU
		{43E1DE0E-2E05-4FBB-B19D-26D41C060716}.Debug|ARM.Build.0 = Debug|Any CPU
		{43E1DE0E-2E05-4FBB-B19D-26D41C060716}.Debug|iPhone.ActiveCfg = Debug|Any CPU
		{43E1DE0E-2E05-4FBB-B19D-26D41C060716}.Debug|iPhone.Build.0 = Debug|Any CPU
		{43E1DE0E-2E05-4FBB-B19D-26D41C060716}.Debug|iPhoneSimulator.ActiveCfg = Debug|Any CPU
		{43E1DE0E-2E05-4FBB-B19D-26D41C060716}.Debug|iPhoneSimulator.Build.0 = Debug|Any CPU
		{43E1DE0E-2E05-4FBB-B19D-26D41C060716}.Debug|x64.ActiveCfg = Debug|x64
		{43E1DE0E-2E05-4FBB-B19D-26D41C060716}.Debug|x64.Build.0 = Debug|x64
		{43E1DE0E-2E05-4FBB-B19D-26D41C060716}.Release|ARM.ActiveCfg = Release|Any CPU
		{43E1DE0E-2E05-4FBB-B19D-26D41C060716}.Release|ARM.Build.0 = Release|Any CPU
		{43E1DE0E-2E05-4FBB-B19D-26D41C060716}.Release|iPhone.ActiveCfg = Release|Any CPU
		{43E1DE0E-2E05-4FBB-B19D-26D41C060716}.Release|iPhone.Build.0 = Release|Any CPU
		{43E1DE0E-2E05-4FBB-B19D-26D41C060716}.Release|iPhoneSimulator.ActiveCfg = Release|Any CPU
		{43E1DE0E-2E05-4FBB-B19D-26D41C060716}.Release|iPhoneSimulator.Build.0 = Release|Any CPU
		{43E1DE0E-2E05-4FBB-B19D-26D41C060716}.Release|x64.ActiveCfg = Release|x64
		{43E1DE0E-2E05-4FBB-B19D-26D41C060716}.Release|x64.Build.0 = Release|x64
		{022FFC42-784D-4D25-8598-3E356DC7B7DB}.Debug|ARM.ActiveCfg = Debug|Any CPU
		{022FFC42-784D-4D25-8598-3E356DC7B7DB}.Debug|ARM.Build.0 = Debug|Any CPU
		{022FFC42-784D-4D25-8598-3E356DC7B7DB}.Debug|iPhone.ActiveCfg = Debug|Any CPU
		{022FFC42-784D-4D25-8598-3E356DC7B7DB}.Debug|iPhone.Build.0 = Debug|Any CPU
		{022FFC42-784D-4D25-8598-3E356DC7B7DB}.Debug|iPhoneSimulator.ActiveCfg = Debug|Any CPU
		{022FFC42-784D-4D25-8598-3E356DC7B7DB}.Debug|iPhoneSimulator.Build.0 = Debug|Any CPU
		{022FFC42-784D-4D25-8598-3E356DC7B7DB}.Debug|x64.ActiveCfg = Debug|x64
		{022FFC42-784D-4D25-8598-3E356DC7B7DB}.Debug|x64.Build.0 = Debug|x64
		{022FFC42-784D-4D25-8598-3E356DC7B7DB}.Release|ARM.ActiveCfg = Release|Any CPU
		{022FFC42-784D-4D25-8598-3E356DC7B7DB}.Release|ARM.Build.0 = Release|Any CPU
		{022FFC42-784D-4D25-8598-3E356DC7B7DB}.Release|iPhone.ActiveCfg = Release|Any CPU
		{022FFC42-784D-4D25-8598-3E356DC7B7DB}.Release|iPhone.Build.0 = Release|Any CPU
		{022FFC42-784D-4D25-8598-3E356DC7B7DB}.Release|iPhoneSimulator.ActiveCfg = Release|Any CPU
		{022FFC42-784D-4D25-8598-3E356DC7B7DB}.Release|iPhoneSimulator.Build.0 = Release|Any CPU
		{022FFC42-784D-4D25-8598-3E356DC7B7DB}.Release|x64.ActiveCfg = Release|x64
		{022FFC42-784D-4D25-8598-3E356DC7B7DB}.Release|x64.Build.0 = Release|x64
		{7FF9E326-5841-4DD3-8840-7B4CD898C5F0}.Debug|ARM.ActiveCfg = Debug|Any CPU
		{7FF9E326-5841-4DD3-8840-7B4CD898C5F0}.Debug|ARM.Build.0 = Debug|Any CPU
		{7FF9E326-5841-4DD3-8840-7B4CD898C5F0}.Debug|iPhone.ActiveCfg = Debug|Any CPU
		{7FF9E326-5841-4DD3-8840-7B4CD898C5F0}.Debug|iPhone.Build.0 = Debug|Any CPU
		{7FF9E326-5841-4DD3-8840-7B4CD898C5F0}.Debug|iPhoneSimulator.ActiveCfg = Debug|Any CPU
		{7FF9E326-5841-4DD3-8840-7B4CD898C5F0}.Debug|iPhoneSimulator.Build.0 = Debug|Any CPU
		{7FF9E326-5841-4DD3-8840-7B4CD898C5F0}.Debug|x64.ActiveCfg = Debug|x64
		{7FF9E326-5841-4DD3-8840-7B4CD898C5F0}.Debug|x64.Build.0 = Debug|x64
		{7FF9E326-5841-4DD3-8840-7B4CD898C5F0}.Release|ARM.ActiveCfg = Release|Any CPU
		{7FF9E326-5841-4DD3-8840-7B4CD898C5F0}.Release|ARM.Build.0 = Release|Any CPU
		{7FF9E326-5841-4DD3-8840-7B4CD898C5F0}.Release|iPhone.ActiveCfg = Release|Any CPU
		{7FF9E326-5841-4DD3-8840-7B4CD898C5F0}.Release|iPhone.Build.0 = Release|Any CPU
		{7FF9E326-5841-4DD3-8840-7B4CD898C5F0}.Release|iPhoneSimulator.ActiveCfg = Release|Any CPU
		{7FF9E326-5841-4DD3-8840-7B4CD898C5F0}.Release|iPhoneSimulator.Build.0 = Release|Any CPU
		{7FF9E326-5841-4DD3-8840-7B4CD898C5F0}.Release|x64.ActiveCfg = Release|x64
		{7FF9E326-5841-4DD3-8840-7B4CD898C5F0}.Release|x64.Build.0 = Release|x64
		{4BDCAF42-5631-40F4-A497-6D8410085579}.Debug|ARM.ActiveCfg = Debug|Any CPU
		{4BDCAF42-5631-40F4-A497-6D8410085579}.Debug|ARM.Build.0 = Debug|Any CPU
		{4BDCAF42-5631-40F4-A497-6D8410085579}.Debug|iPhone.ActiveCfg = Debug|Any CPU
		{4BDCAF42-5631-40F4-A497-6D8410085579}.Debug|iPhone.Build.0 = Debug|Any CPU
		{4BDCAF42-5631-40F4-A497-6D8410085579}.Debug|iPhoneSimulator.ActiveCfg = Debug|Any CPU
		{4BDCAF42-5631-40F4-A497-6D8410085579}.Debug|iPhoneSimulator.Build.0 = Debug|Any CPU
		{4BDCAF42-5631-40F4-A497-6D8410085579}.Debug|x64.ActiveCfg = Debug|x64
		{4BDCAF42-5631-40F4-A497-6D8410085579}.Debug|x64.Build.0 = Debug|x64
		{4BDCAF42-5631-40F4-A497-6D8410085579}.Release|ARM.ActiveCfg = Release|Any CPU
		{4BDCAF42-5631-40F4-A497-6D8410085579}.Release|ARM.Build.0 = Release|Any CPU
		{4BDCAF42-5631-40F4-A497-6D8410085579}.Release|iPhone.ActiveCfg = Release|Any CPU
		{4BDCAF42-5631-40F4-A497-6D8410085579}.Release|iPhone.Build.0 = Release|Any CPU
		{4BDCAF42-5631-40F4-A497-6D8410085579}.Release|iPhoneSimulator.ActiveCfg = Release|Any CPU
		{4BDCAF42-5631-40F4-A497-6D8410085579}.Release|iPhoneSimulator.Build.0 = Release|Any CPU
		{4BDCAF42-5631-40F4-A497-6D8410085579}.Release|x64.ActiveCfg = Release|x64
		{4BDCAF42-5631-40F4-A497-6D8410085579}.Release|x64.Build.0 = Release|x64
		{17546F12-066E-4435-AFD1-22DC480FA744}.Debug|ARM.ActiveCfg = Debug|Any CPU
		{17546F12-066E-4435-AFD1-22DC480FA744}.Debug|ARM.Build.0 = Debug|Any CPU
		{17546F12-066E-4435-AFD1-22DC480FA744}.Debug|iPhone.ActiveCfg = Debug|Any CPU
		{17546F12-066E-4435-AFD1-22DC480FA744}.Debug|iPhone.Build.0 = Debug|Any CPU
		{17546F12-066E-4435-AFD1-22DC480FA744}.Debug|iPhoneSimulator.ActiveCfg = Debug|Any CPU
		{17546F12-066E-4435-AFD1-22DC480FA744}.Debug|iPhoneSimulator.Build.0 = Debug|Any CPU
		{17546F12-066E-4435-AFD1-22DC480FA744}.Debug|x64.ActiveCfg = Debug|x64
		{17546F12-066E-4435-AFD1-22DC480FA744}.Debug|x64.Build.0 = Debug|x64
		{17546F12-066E-4435-AFD1-22DC480FA744}.Release|ARM.ActiveCfg = Release|Any CPU
		{17546F12-066E-4435-AFD1-22DC480FA744}.Release|ARM.Build.0 = Release|Any CPU
		{17546F12-066E-4435-AFD1-22DC480FA744}.Release|iPhone.ActiveCfg = Release|Any CPU
		{17546F12-066E-4435-AFD1-22DC480FA744}.Release|iPhone.Build.0 = Release|Any CPU
		{17546F12-066E-4435-AFD1-22DC480FA744}.Release|iPhoneSimulator.ActiveCfg = Release|Any CPU
		{17546F12-066E-4435-AFD1-22DC480FA744}.Release|iPhoneSimulator.Build.0 = Release|Any CPU
		{17546F12-066E-4435-AFD1-22DC480FA744}.Release|x64.ActiveCfg = Release|x64
		{17546F12-066E-4435-AFD1-22DC480FA744}.Release|x64.Build.0 = Release|x64
		{E8649199-6750-4863-8C2E-3C6B09F40A0D}.Debug|ARM.ActiveCfg = Debug|Any CPU
		{E8649199-6750-4863-8C2E-3C6B09F40A0D}.Debug|ARM.Build.0 = Debug|Any CPU
		{E8649199-6750-4863-8C2E-3C6B09F40A0D}.Debug|iPhone.ActiveCfg = Debug|Any CPU
		{E8649199-6750-4863-8C2E-3C6B09F40A0D}.Debug|iPhone.Build.0 = Debug|Any CPU
		{E8649199-6750-4863-8C2E-3C6B09F40A0D}.Debug|iPhoneSimulator.ActiveCfg = Debug|Any CPU
		{E8649199-6750-4863-8C2E-3C6B09F40A0D}.Debug|iPhoneSimulator.Build.0 = Debug|Any CPU
		{E8649199-6750-4863-8C2E-3C6B09F40A0D}.Debug|x64.ActiveCfg = Debug|x64
		{E8649199-6750-4863-8C2E-3C6B09F40A0D}.Debug|x64.Build.0 = Debug|x64
		{E8649199-6750-4863-8C2E-3C6B09F40A0D}.Release|ARM.ActiveCfg = Release|Any CPU
		{E8649199-6750-4863-8C2E-3C6B09F40A0D}.Release|ARM.Build.0 = Release|Any CPU
		{E8649199-6750-4863-8C2E-3C6B09F40A0D}.Release|iPhone.ActiveCfg = Release|Any CPU
		{E8649199-6750-4863-8C2E-3C6B09F40A0D}.Release|iPhone.Build.0 = Release|Any CPU
		{E8649199-6750-4863-8C2E-3C6B09F40A0D}.Release|iPhoneSimulator.ActiveCfg = Release|Any CPU
		{E8649199-6750-4863-8C2E-3C6B09F40A0D}.Release|iPhoneSimulator.Build.0 = Release|Any CPU
		{E8649199-6750-4863-8C2E-3C6B09F40A0D}.Release|x64.ActiveCfg = Release|x64
		{E8649199-6750-4863-8C2E-3C6B09F40A0D}.Release|x64.Build.0 = Release|x64
		{12E93799-D3C3-4CC9-B419-8C6930E65D4F}.Debug|ARM.ActiveCfg = Debug|Any CPU
		{12E93799-D3C3-4CC9-B419-8C6930E65D4F}.Debug|ARM.Build.0 = Debug|Any CPU
		{12E93799-D3C3-4CC9-B419-8C6930E65D4F}.Debug|iPhone.ActiveCfg = Debug|Any CPU
		{12E93799-D3C3-4CC9-B419-8C6930E65D4F}.Debug|iPhone.Build.0 = Debug|Any CPU
		{12E93799-D3C3-4CC9-B419-8C6930E65D4F}.Debug|iPhoneSimulator.ActiveCfg = Debug|Any CPU
		{12E93799-D3C3-4CC9-B419-8C6930E65D4F}.Debug|iPhoneSimulator.Build.0 = Debug|Any CPU
		{12E93799-D3C3-4CC9-B419-8C6930E65D4F}.Debug|x64.ActiveCfg = Debug|x64
		{12E93799-D3C3-4CC9-B419-8C6930E65D4F}.Debug|x64.Build.0 = Debug|x64
		{12E93799-D3C3-4CC9-B419-8C6930E65D4F}.Release|ARM.ActiveCfg = Release|Any CPU
		{12E93799-D3C3-4CC9-B419-8C6930E65D4F}.Release|ARM.Build.0 = Release|Any CPU
		{12E93799-D3C3-4CC9-B419-8C6930E65D4F}.Release|iPhone.ActiveCfg = Release|Any CPU
		{12E93799-D3C3-4CC9-B419-8C6930E65D4F}.Release|iPhone.Build.0 = Release|Any CPU
		{12E93799-D3C3-4CC9-B419-8C6930E65D4F}.Release|iPhoneSimulator.ActiveCfg = Release|Any CPU
		{12E93799-D3C3-4CC9-B419-8C6930E65D4F}.Release|iPhoneSimulator.Build.0 = Release|Any CPU
		{12E93799-D3C3-4CC9-B419-8C6930E65D4F}.Release|x64.ActiveCfg = Release|x64
		{12E93799-D3C3-4CC9-B419-8C6930E65D4F}.Release|x64.Build.0 = Release|x64
		{087675C6-118C-4BD7-B3D9-DBA504A6B17A}.Debug|ARM.ActiveCfg = Debug|Any CPU
		{087675C6-118C-4BD7-B3D9-DBA504A6B17A}.Debug|ARM.Build.0 = Debug|Any CPU
		{087675C6-118C-4BD7-B3D9-DBA504A6B17A}.Debug|iPhone.ActiveCfg = Debug|Any CPU
		{087675C6-118C-4BD7-B3D9-DBA504A6B17A}.Debug|iPhone.Build.0 = Debug|Any CPU
		{087675C6-118C-4BD7-B3D9-DBA504A6B17A}.Debug|iPhoneSimulator.ActiveCfg = Debug|Any CPU
		{087675C6-118C-4BD7-B3D9-DBA504A6B17A}.Debug|iPhoneSimulator.Build.0 = Debug|Any CPU
		{087675C6-118C-4BD7-B3D9-DBA504A6B17A}.Debug|x64.ActiveCfg = Debug|x64
		{087675C6-118C-4BD7-B3D9-DBA504A6B17A}.Debug|x64.Build.0 = Debug|x64
		{087675C6-118C-4BD7-B3D9-DBA504A6B17A}.Release|ARM.ActiveCfg = Release|Any CPU
		{087675C6-118C-4BD7-B3D9-DBA504A6B17A}.Release|ARM.Build.0 = Release|Any CPU
		{087675C6-118C-4BD7-B3D9-DBA504A6B17A}.Release|iPhone.ActiveCfg = Release|Any CPU
		{087675C6-118C-4BD7-B3D9-DBA504A6B17A}.Release|iPhone.Build.0 = Release|Any CPU
		{087675C6-118C-4BD7-B3D9-DBA504A6B17A}.Release|iPhoneSimulator.ActiveCfg = Release|Any CPU
		{087675C6-118C-4BD7-B3D9-DBA504A6B17A}.Release|iPhoneSimulator.Build.0 = Release|Any CPU
		{087675C6-118C-4BD7-B3D9-DBA504A6B17A}.Release|x64.ActiveCfg = Release|x64
		{087675C6-118C-4BD7-B3D9-DBA504A6B17A}.Release|x64.Build.0 = Release|x64
		{89733D6E-A3D3-46EB-801D-8C7302308E23}.Debug|ARM.ActiveCfg = Debug|Any CPU
		{89733D6E-A3D3-46EB-801D-8C7302308E23}.Debug|ARM.Build.0 = Debug|Any CPU
		{89733D6E-A3D3-46EB-801D-8C7302308E23}.Debug|iPhone.ActiveCfg = Debug|Any CPU
		{89733D6E-A3D3-46EB-801D-8C7302308E23}.Debug|iPhone.Build.0 = Debug|Any CPU
		{89733D6E-A3D3-46EB-801D-8C7302308E23}.Debug|iPhoneSimulator.ActiveCfg = Debug|Any CPU
		{89733D6E-A3D3-46EB-801D-8C7302308E23}.Debug|iPhoneSimulator.Build.0 = Debug|Any CPU
		{89733D6E-A3D3-46EB-801D-8C7302308E23}.Debug|x64.ActiveCfg = Debug|x64
		{89733D6E-A3D3-46EB-801D-8C7302308E23}.Debug|x64.Build.0 = Debug|x64
		{89733D6E-A3D3-46EB-801D-8C7302308E23}.Release|ARM.ActiveCfg = Release|Any CPU
		{89733D6E-A3D3-46EB-801D-8C7302308E23}.Release|ARM.Build.0 = Release|Any CPU
		{89733D6E-A3D3-46EB-801D-8C7302308E23}.Release|iPhone.ActiveCfg = Release|Any CPU
		{89733D6E-A3D3-46EB-801D-8C7302308E23}.Release|iPhone.Build.0 = Release|Any CPU
		{89733D6E-A3D3-46EB-801D-8C7302308E23}.Release|iPhoneSimulator.ActiveCfg = Release|Any CPU
		{89733D6E-A3D3-46EB-801D-8C7302308E23}.Release|iPhoneSimulator.Build.0 = Release|Any CPU
		{89733D6E-A3D3-46EB-801D-8C7302308E23}.Release|x64.ActiveCfg = Release|x64
		{89733D6E-A3D3-46EB-801D-8C7302308E23}.Release|x64.Build.0 = Release|x64
		{6BE3A785-BE2A-43A5-BA19-C493F7FC98BE}.Debug|ARM.ActiveCfg = Debug|Any CPU
		{6BE3A785-BE2A-43A5-BA19-C493F7FC98BE}.Debug|ARM.Build.0 = Debug|Any CPU
		{6BE3A785-BE2A-43A5-BA19-C493F7FC98BE}.Debug|iPhone.ActiveCfg = Debug|Any CPU
		{6BE3A785-BE2A-43A5-BA19-C493F7FC98BE}.Debug|iPhone.Build.0 = Debug|Any CPU
		{6BE3A785-BE2A-43A5-BA19-C493F7FC98BE}.Debug|iPhoneSimulator.ActiveCfg = Debug|Any CPU
		{6BE3A785-BE2A-43A5-BA19-C493F7FC98BE}.Debug|iPhoneSimulator.Build.0 = Debug|Any CPU
		{6BE3A785-BE2A-43A5-BA19-C493F7FC98BE}.Debug|x64.ActiveCfg = Debug|x64
		{6BE3A785-BE2A-43A5-BA19-C493F7FC98BE}.Debug|x64.Build.0 = Debug|x64
		{6BE3A785-BE2A-43A5-BA19-C493F7FC98BE}.Release|ARM.ActiveCfg = Release|Any CPU
		{6BE3A785-BE2A-43A5-BA19-C493F7FC98BE}.Release|ARM.Build.0 = Release|Any CPU
		{6BE3A785-BE2A-43A5-BA19-C493F7FC98BE}.Release|iPhone.ActiveCfg = Release|Any CPU
		{6BE3A785-BE2A-43A5-BA19-C493F7FC98BE}.Release|iPhone.Build.0 = Release|Any CPU
		{6BE3A785-BE2A-43A5-BA19-C493F7FC98BE}.Release|iPhoneSimulator.ActiveCfg = Release|Any CPU
		{6BE3A785-BE2A-43A5-BA19-C493F7FC98BE}.Release|iPhoneSimulator.Build.0 = Release|Any CPU
		{6BE3A785-BE2A-43A5-BA19-C493F7FC98BE}.Release|x64.ActiveCfg = Release|x64
		{6BE3A785-BE2A-43A5-BA19-C493F7FC98BE}.Release|x64.Build.0 = Release|x64
		{1C48CDF9-85E5-447A-A3AD-D9AAF7C21BF0}.Debug|ARM.ActiveCfg = Debug|Any CPU
		{1C48CDF9-85E5-447A-A3AD-D9AAF7C21BF0}.Debug|ARM.Build.0 = Debug|Any CPU
		{1C48CDF9-85E5-447A-A3AD-D9AAF7C21BF0}.Debug|iPhone.ActiveCfg = Debug|Any CPU
		{1C48CDF9-85E5-447A-A3AD-D9AAF7C21BF0}.Debug|iPhone.Build.0 = Debug|Any CPU
		{1C48CDF9-85E5-447A-A3AD-D9AAF7C21BF0}.Debug|iPhoneSimulator.ActiveCfg = Debug|Any CPU
		{1C48CDF9-85E5-447A-A3AD-D9AAF7C21BF0}.Debug|iPhoneSimulator.Build.0 = Debug|Any CPU
		{1C48CDF9-85E5-447A-A3AD-D9AAF7C21BF0}.Debug|x64.ActiveCfg = Debug|x64
		{1C48CDF9-85E5-447A-A3AD-D9AAF7C21BF0}.Debug|x64.Build.0 = Debug|x64
		{1C48CDF9-85E5-447A-A3AD-D9AAF7C21BF0}.Release|ARM.ActiveCfg = Release|Any CPU
		{1C48CDF9-85E5-447A-A3AD-D9AAF7C21BF0}.Release|ARM.Build.0 = Release|Any CPU
		{1C48CDF9-85E5-447A-A3AD-D9AAF7C21BF0}.Release|iPhone.ActiveCfg = Release|Any CPU
		{1C48CDF9-85E5-447A-A3AD-D9AAF7C21BF0}.Release|iPhone.Build.0 = Release|Any CPU
		{1C48CDF9-85E5-447A-A3AD-D9AAF7C21BF0}.Release|iPhoneSimulator.ActiveCfg = Release|Any CPU
		{1C48CDF9-85E5-447A-A3AD-D9AAF7C21BF0}.Release|iPhoneSimulator.Build.0 = Release|Any CPU
		{1C48CDF9-85E5-447A-A3AD-D9AAF7C21BF0}.Release|x64.ActiveCfg = Release|x64
		{1C48CDF9-85E5-447A-A3AD-D9AAF7C21BF0}.Release|x64.Build.0 = Release|x64
		{B7030D04-822E-4BDF-8635-580E89BAC38A}.Debug|ARM.ActiveCfg = Debug|Any CPU
		{B7030D04-822E-4BDF-8635-580E89BAC38A}.Debug|ARM.Build.0 = Debug|Any CPU
		{B7030D04-822E-4BDF-8635-580E89BAC38A}.Debug|iPhone.ActiveCfg = Debug|Any CPU
		{B7030D04-822E-4BDF-8635-580E89BAC38A}.Debug|iPhone.Build.0 = Debug|Any CPU
		{B7030D04-822E-4BDF-8635-580E89BAC38A}.Debug|iPhoneSimulator.ActiveCfg = Debug|Any CPU
		{B7030D04-822E-4BDF-8635-580E89BAC38A}.Debug|iPhoneSimulator.Build.0 = Debug|Any CPU
		{B7030D04-822E-4BDF-8635-580E89BAC38A}.Debug|x64.ActiveCfg = Debug|x64
		{B7030D04-822E-4BDF-8635-580E89BAC38A}.Debug|x64.Build.0 = Debug|x64
		{B7030D04-822E-4BDF-8635-580E89BAC38A}.Release|ARM.ActiveCfg = Release|Any CPU
		{B7030D04-822E-4BDF-8635-580E89BAC38A}.Release|ARM.Build.0 = Release|Any CPU
		{B7030D04-822E-4BDF-8635-580E89BAC38A}.Release|iPhone.ActiveCfg = Release|Any CPU
		{B7030D04-822E-4BDF-8635-580E89BAC38A}.Release|iPhone.Build.0 = Release|Any CPU
		{B7030D04-822E-4BDF-8635-580E89BAC38A}.Release|iPhoneSimulator.ActiveCfg = Release|Any CPU
		{B7030D04-822E-4BDF-8635-580E89BAC38A}.Release|iPhoneSimulator.Build.0 = Release|Any CPU
		{B7030D04-822E-4BDF-8635-580E89BAC38A}.Release|x64.ActiveCfg = Release|x64
		{B7030D04-822E-4BDF-8635-580E89BAC38A}.Release|x64.Build.0 = Release|x64
		{D51FFE69-EABD-4F00-960C-6827FDDA518E}.Debug|ARM.ActiveCfg = Debug|Any CPU
		{D51FFE69-EABD-4F00-960C-6827FDDA518E}.Debug|ARM.Build.0 = Debug|Any CPU
		{D51FFE69-EABD-4F00-960C-6827FDDA518E}.Debug|iPhone.ActiveCfg = Debug|Any CPU
		{D51FFE69-EABD-4F00-960C-6827FDDA518E}.Debug|iPhone.Build.0 = Debug|Any CPU
		{D51FFE69-EABD-4F00-960C-6827FDDA518E}.Debug|iPhoneSimulator.ActiveCfg = Debug|Any CPU
		{D51FFE69-EABD-4F00-960C-6827FDDA518E}.Debug|iPhoneSimulator.Build.0 = Debug|Any CPU
		{D51FFE69-EABD-4F00-960C-6827FDDA518E}.Debug|x64.ActiveCfg = Debug|x64
		{D51FFE69-EABD-4F00-960C-6827FDDA518E}.Debug|x64.Build.0 = Debug|x64
		{D51FFE69-EABD-4F00-960C-6827FDDA518E}.Release|ARM.ActiveCfg = Release|Any CPU
		{D51FFE69-EABD-4F00-960C-6827FDDA518E}.Release|ARM.Build.0 = Release|Any CPU
		{D51FFE69-EABD-4F00-960C-6827FDDA518E}.Release|iPhone.ActiveCfg = Release|Any CPU
		{D51FFE69-EABD-4F00-960C-6827FDDA518E}.Release|iPhone.Build.0 = Release|Any CPU
		{D51FFE69-EABD-4F00-960C-6827FDDA518E}.Release|iPhoneSimulator.ActiveCfg = Release|Any CPU
		{D51FFE69-EABD-4F00-960C-6827FDDA518E}.Release|iPhoneSimulator.Build.0 = Release|Any CPU
		{D51FFE69-EABD-4F00-960C-6827FDDA518E}.Release|x64.ActiveCfg = Release|x64
		{D51FFE69-EABD-4F00-960C-6827FDDA518E}.Release|x64.Build.0 = Release|x64
		{04305F33-52D1-46D0-9500-6D9514742314}.Debug|ARM.ActiveCfg = Debug|Any CPU
		{04305F33-52D1-46D0-9500-6D9514742314}.Debug|ARM.Build.0 = Debug|Any CPU
		{04305F33-52D1-46D0-9500-6D9514742314}.Debug|ARM.Deploy.0 = Debug|Any CPU
		{04305F33-52D1-46D0-9500-6D9514742314}.Debug|iPhone.ActiveCfg = Debug|Any CPU
		{04305F33-52D1-46D0-9500-6D9514742314}.Debug|iPhone.Build.0 = Debug|Any CPU
		{04305F33-52D1-46D0-9500-6D9514742314}.Debug|iPhone.Deploy.0 = Debug|Any CPU
		{04305F33-52D1-46D0-9500-6D9514742314}.Debug|iPhoneSimulator.ActiveCfg = Debug|Any CPU
		{04305F33-52D1-46D0-9500-6D9514742314}.Debug|iPhoneSimulator.Build.0 = Debug|Any CPU
		{04305F33-52D1-46D0-9500-6D9514742314}.Debug|iPhoneSimulator.Deploy.0 = Debug|Any CPU
		{04305F33-52D1-46D0-9500-6D9514742314}.Debug|x64.ActiveCfg = Debug|Any CPU
		{04305F33-52D1-46D0-9500-6D9514742314}.Release|ARM.ActiveCfg = Release|Any CPU
		{04305F33-52D1-46D0-9500-6D9514742314}.Release|ARM.Build.0 = Release|Any CPU
		{04305F33-52D1-46D0-9500-6D9514742314}.Release|ARM.Deploy.0 = Release|Any CPU
		{04305F33-52D1-46D0-9500-6D9514742314}.Release|iPhone.ActiveCfg = Release|Any CPU
		{04305F33-52D1-46D0-9500-6D9514742314}.Release|iPhone.Build.0 = Release|Any CPU
		{04305F33-52D1-46D0-9500-6D9514742314}.Release|iPhone.Deploy.0 = Release|Any CPU
		{04305F33-52D1-46D0-9500-6D9514742314}.Release|iPhoneSimulator.ActiveCfg = Release|Any CPU
		{04305F33-52D1-46D0-9500-6D9514742314}.Release|iPhoneSimulator.Build.0 = Release|Any CPU
		{04305F33-52D1-46D0-9500-6D9514742314}.Release|iPhoneSimulator.Deploy.0 = Release|Any CPU
		{04305F33-52D1-46D0-9500-6D9514742314}.Release|x64.ActiveCfg = Release|Any CPU
		{A36B1391-60B4-44C4-9042-7D4A5693D7E9}.Debug|ARM.ActiveCfg = Debug|iPhone
		{A36B1391-60B4-44C4-9042-7D4A5693D7E9}.Debug|iPhone.ActiveCfg = Debug|iPhone
		{A36B1391-60B4-44C4-9042-7D4A5693D7E9}.Debug|iPhone.Build.0 = Debug|iPhone
		{A36B1391-60B4-44C4-9042-7D4A5693D7E9}.Debug|iPhoneSimulator.ActiveCfg = Debug|iPhoneSimulator
		{A36B1391-60B4-44C4-9042-7D4A5693D7E9}.Debug|iPhoneSimulator.Build.0 = Debug|iPhoneSimulator
		{A36B1391-60B4-44C4-9042-7D4A5693D7E9}.Debug|x64.ActiveCfg = Debug|iPhoneSimulator
		{A36B1391-60B4-44C4-9042-7D4A5693D7E9}.Release|ARM.ActiveCfg = Release|iPhone
		{A36B1391-60B4-44C4-9042-7D4A5693D7E9}.Release|iPhone.ActiveCfg = Release|iPhone
		{A36B1391-60B4-44C4-9042-7D4A5693D7E9}.Release|iPhone.Build.0 = Release|iPhone
		{A36B1391-60B4-44C4-9042-7D4A5693D7E9}.Release|iPhoneSimulator.ActiveCfg = Release|iPhoneSimulator
		{A36B1391-60B4-44C4-9042-7D4A5693D7E9}.Release|iPhoneSimulator.Build.0 = Release|iPhoneSimulator
		{A36B1391-60B4-44C4-9042-7D4A5693D7E9}.Release|x64.ActiveCfg = Release|iPhoneSimulator
		{95BFE332-8C35-48BC-9C8F-4A31261F2299}.Debug|ARM.ActiveCfg = Debug|Any CPU
		{95BFE332-8C35-48BC-9C8F-4A31261F2299}.Debug|ARM.Build.0 = Debug|Any CPU
		{95BFE332-8C35-48BC-9C8F-4A31261F2299}.Debug|iPhone.ActiveCfg = Debug|Any CPU
		{95BFE332-8C35-48BC-9C8F-4A31261F2299}.Debug|iPhone.Build.0 = Debug|Any CPU
		{95BFE332-8C35-48BC-9C8F-4A31261F2299}.Debug|iPhoneSimulator.ActiveCfg = Debug|Any CPU
		{95BFE332-8C35-48BC-9C8F-4A31261F2299}.Debug|iPhoneSimulator.Build.0 = Debug|Any CPU
		{95BFE332-8C35-48BC-9C8F-4A31261F2299}.Debug|x64.ActiveCfg = Debug|x64
		{95BFE332-8C35-48BC-9C8F-4A31261F2299}.Debug|x64.Build.0 = Debug|x64
		{95BFE332-8C35-48BC-9C8F-4A31261F2299}.Release|ARM.ActiveCfg = Release|Any CPU
		{95BFE332-8C35-48BC-9C8F-4A31261F2299}.Release|ARM.Build.0 = Release|Any CPU
		{95BFE332-8C35-48BC-9C8F-4A31261F2299}.Release|iPhone.ActiveCfg = Release|Any CPU
		{95BFE332-8C35-48BC-9C8F-4A31261F2299}.Release|iPhone.Build.0 = Release|Any CPU
		{95BFE332-8C35-48BC-9C8F-4A31261F2299}.Release|iPhoneSimulator.ActiveCfg = Release|Any CPU
		{95BFE332-8C35-48BC-9C8F-4A31261F2299}.Release|iPhoneSimulator.Build.0 = Release|Any CPU
		{95BFE332-8C35-48BC-9C8F-4A31261F2299}.Release|x64.ActiveCfg = Release|x64
		{95BFE332-8C35-48BC-9C8F-4A31261F2299}.Release|x64.Build.0 = Release|x64
		{DFE54F6C-532C-467F-9656-A5B60786968C}.Debug|ARM.ActiveCfg = Debug|Any CPU
		{DFE54F6C-532C-467F-9656-A5B60786968C}.Debug|ARM.Build.0 = Debug|Any CPU
		{DFE54F6C-532C-467F-9656-A5B60786968C}.Debug|ARM.Deploy.0 = Debug|Any CPU
		{DFE54F6C-532C-467F-9656-A5B60786968C}.Debug|iPhone.ActiveCfg = Debug|Any CPU
		{DFE54F6C-532C-467F-9656-A5B60786968C}.Debug|iPhone.Build.0 = Debug|Any CPU
		{DFE54F6C-532C-467F-9656-A5B60786968C}.Debug|iPhone.Deploy.0 = Debug|Any CPU
		{DFE54F6C-532C-467F-9656-A5B60786968C}.Debug|iPhoneSimulator.ActiveCfg = Debug|Any CPU
		{DFE54F6C-532C-467F-9656-A5B60786968C}.Debug|iPhoneSimulator.Build.0 = Debug|Any CPU
		{DFE54F6C-532C-467F-9656-A5B60786968C}.Debug|iPhoneSimulator.Deploy.0 = Debug|Any CPU
		{DFE54F6C-532C-467F-9656-A5B60786968C}.Debug|x64.ActiveCfg = Debug|Any CPU
		{DFE54F6C-532C-467F-9656-A5B60786968C}.Release|ARM.ActiveCfg = Release|Any CPU
		{DFE54F6C-532C-467F-9656-A5B60786968C}.Release|ARM.Build.0 = Release|Any CPU
		{DFE54F6C-532C-467F-9656-A5B60786968C}.Release|ARM.Deploy.0 = Release|Any CPU
		{DFE54F6C-532C-467F-9656-A5B60786968C}.Release|iPhone.ActiveCfg = Release|Any CPU
		{DFE54F6C-532C-467F-9656-A5B60786968C}.Release|iPhone.Build.0 = Release|Any CPU
		{DFE54F6C-532C-467F-9656-A5B60786968C}.Release|iPhone.Deploy.0 = Release|Any CPU
		{DFE54F6C-532C-467F-9656-A5B60786968C}.Release|iPhoneSimulator.ActiveCfg = Release|Any CPU
		{DFE54F6C-532C-467F-9656-A5B60786968C}.Release|iPhoneSimulator.Build.0 = Release|Any CPU
		{DFE54F6C-532C-467F-9656-A5B60786968C}.Release|iPhoneSimulator.Deploy.0 = Release|Any CPU
		{DFE54F6C-532C-467F-9656-A5B60786968C}.Release|x64.ActiveCfg = Release|Any CPU
	EndGlobalSection
	GlobalSection(SolutionProperties) = preSolution
		HideSolutionNode = FALSE
	EndGlobalSection
	GlobalSection(NestedProjects) = preSolution
		{DB004E7D-B2E6-4F7B-AE1C-189CD5963F9A} = {D7772216-590F-4DF7-9F02-F8C8262A8DC5}
		{8DE4C3E0-0FFB-4783-90F5-5D107A150328} = {D7772216-590F-4DF7-9F02-F8C8262A8DC5}
		{43E1DE0E-2E05-4FBB-B19D-26D41C060716} = {D7772216-590F-4DF7-9F02-F8C8262A8DC5}
		{7FF9E326-5841-4DD3-8840-7B4CD898C5F0} = {D7772216-590F-4DF7-9F02-F8C8262A8DC5}
		{E8649199-6750-4863-8C2E-3C6B09F40A0D} = {D7772216-590F-4DF7-9F02-F8C8262A8DC5}
		{12E93799-D3C3-4CC9-B419-8C6930E65D4F} = {EF59B976-47A6-4BA0-85B8-F5E7D0833D5D}
		{087675C6-118C-4BD7-B3D9-DBA504A6B17A} = {D7772216-590F-4DF7-9F02-F8C8262A8DC5}
		{6BE3A785-BE2A-43A5-BA19-C493F7FC98BE} = {D7772216-590F-4DF7-9F02-F8C8262A8DC5}
		{1C48CDF9-85E5-447A-A3AD-D9AAF7C21BF0} = {EF59B976-47A6-4BA0-85B8-F5E7D0833D5D}
		{B7030D04-822E-4BDF-8635-580E89BAC38A} = {EF59B976-47A6-4BA0-85B8-F5E7D0833D5D}
		{D51FFE69-EABD-4F00-960C-6827FDDA518E} = {EF59B976-47A6-4BA0-85B8-F5E7D0833D5D}
		{04305F33-52D1-46D0-9500-6D9514742314} = {6AC6B3AA-EE04-4888-8E02-581DEFEC343C}
		{A36B1391-60B4-44C4-9042-7D4A5693D7E9} = {6AC6B3AA-EE04-4888-8E02-581DEFEC343C}
		{95BFE332-8C35-48BC-9C8F-4A31261F2299} = {6AC6B3AA-EE04-4888-8E02-581DEFEC343C}
		{DFE54F6C-532C-467F-9656-A5B60786968C} = {6AC6B3AA-EE04-4888-8E02-581DEFEC343C}
		{6AC6B3AA-EE04-4888-8E02-581DEFEC343C} = {EF59B976-47A6-4BA0-85B8-F5E7D0833D5D}
	EndGlobalSection
	GlobalSection(ExtensibilityGlobals) = postSolution
		SolutionGuid = {606D052F-62C1-485D-AF33-1D3C165676F0}
	EndGlobalSection
EndGlobal
