
Microsoft Visual Studio Solution File, Format Version 12.00
# Visual Studio 15
VisualStudioVersion = 15.0.27004.2010
MinimumVisualStudioVersion = 10.0.40219.1
Project("{FAE04EC0-301F-11D3-BF4B-00C04F79EFBC}") = "CorePackage", "CorePackage\CorePackage.csproj", "{DC0C6FC8-7D9D-4AC6-9B64-C8E3C39CA105}"
EndProject
Project("{FAE04EC0-301F-11D3-BF4B-00C04F79EFBC}") = "TestCore", "TestCore\TestCore.csproj", "{DB004E7D-B2E6-4F7B-AE1C-189CD5963F9A}"
	ProjectSection(ProjectDependencies) = postProject
		{DC0C6FC8-7D9D-4AC6-9B64-C8E3C39CA105} = {DC0C6FC8-7D9D-4AC6-9B64-C8E3C39CA105}
	EndProjectSection
EndProject
Project("{FAE04EC0-301F-11D3-BF4B-00C04F79EFBC}") = "CoreControl", "CoreControl\CoreControl.csproj", "{DD2B786E-17B1-443B-A449-49199B6A46A8}"
	ProjectSection(ProjectDependencies) = postProject
		{DC0C6FC8-7D9D-4AC6-9B64-C8E3C39CA105} = {DC0C6FC8-7D9D-4AC6-9B64-C8E3C39CA105}
	EndProjectSection
EndProject
Project("{FAE04EC0-301F-11D3-BF4B-00C04F79EFBC}") = "TestControler", "TestControler\TestControler.csproj", "{8DE4C3E0-0FFB-4783-90F5-5D107A150328}"
EndProject
Project("{FAE04EC0-301F-11D3-BF4B-00C04F79EFBC}") = "EventClient", "EventServerClient\EventClient.csproj", "{2C4DEE9A-8B97-449B-9839-0CBD35A5306E}"
EndProject
Project("{FAE04EC0-301F-11D3-BF4B-00C04F79EFBC}") = "TestEventClient", "EventServerClientTest\TestEventClient.csproj", "{43E1DE0E-2E05-4FBB-B19D-26D41C060716}"
EndProject
Project("{FAE04EC0-301F-11D3-BF4B-00C04F79EFBC}") = "CoreCommand", "CoreCommand\CoreCommand.csproj", "{022FFC42-784D-4D25-8598-3E356DC7B7DB}"
EndProject
Project("{FAE04EC0-301F-11D3-BF4B-00C04F79EFBC}") = "TestCommand", "TestCommand\TestCommand.csproj", "{7FF9E326-5841-4DD3-8840-7B4CD898C5F0}"
EndProject
Project("{FAE04EC0-301F-11D3-BF4B-00C04F79EFBC}") = "CoreNetwork", "CoreNetwork\CoreNetwork.csproj", "{4BDCAF42-5631-40F4-A497-6D8410085579}"
EndProject
Project("{FAE04EC0-301F-11D3-BF4B-00C04F79EFBC}") = "CoreDaemon", "CoreDaemon\CoreDaemon.csproj", "{17546F12-066E-4435-AFD1-22DC480FA744}"
EndProject
Project("{FAE04EC0-301F-11D3-BF4B-00C04F79EFBC}") = "TestNetwork", "TestNetwork\TestNetwork.csproj", "{E8649199-6750-4863-8C2E-3C6B09F40A0D}"
EndProject
Project("{FAE04EC0-301F-11D3-BF4B-00C04F79EFBC}") = "CorePluginUnity", "PluginUnity\CorePluginUnity\CorePluginUnity.csproj", "{12E93799-D3C3-4CC9-B419-8C6930E65D4F}"
EndProject
Project("{FAE04EC0-301F-11D3-BF4B-00C04F79EFBC}") = "TestUnityPlugin", "TestUnityPlugin\TestUnityPlugin.csproj", "{087675C6-118C-4BD7-B3D9-DBA504A6B17A}"
EndProject
Project("{FAE04EC0-301F-11D3-BF4B-00C04F79EFBC}") = "BinarySerializer", "BinarySerializer\BinarySerializer.csproj", "{89733D6E-A3D3-46EB-801D-8C7302308E23}"
EndProject
Project("{FAE04EC0-301F-11D3-BF4B-00C04F79EFBC}") = "TestSerializer", "TestSerializer\TestSerializer.csproj", "{6BE3A785-BE2A-43A5-BA19-C493F7FC98BE}"
EndProject
Project("{FAE04EC0-301F-11D3-BF4B-00C04F79EFBC}") = "DNAIPluginPublisher", "DNAIPluginPublisher\DNAIPluginPublisher.csproj", "{1C48CDF9-85E5-447A-A3AD-D9AAF7C21BF0}"
EndProject
Project("{FAE04EC0-301F-11D3-BF4B-00C04F79EFBC}") = "CorePluginUnityRuntime", "CorePluginUnityRuntime\CorePluginUnityRuntime.csproj", "{B7030D04-822E-4BDF-8635-580E89BAC38A}"
EndProject
Global
	GlobalSection(SolutionConfigurationPlatforms) = preSolution
		Debug|Any CPU = Debug|Any CPU
		Debug|ARM = Debug|ARM
		Debug|x64 = Debug|x64
		Debug|x86 = Debug|x86
		Release|Any CPU = Release|Any CPU
		Release|ARM = Release|ARM
		Release|x64 = Release|x64
		Release|x86 = Release|x86
	EndGlobalSection
	GlobalSection(ProjectConfigurationPlatforms) = postSolution
		{DC0C6FC8-7D9D-4AC6-9B64-C8E3C39CA105}.Debug|Any CPU.ActiveCfg = Debug|Any CPU
		{DC0C6FC8-7D9D-4AC6-9B64-C8E3C39CA105}.Debug|Any CPU.Build.0 = Debug|Any CPU
		{DC0C6FC8-7D9D-4AC6-9B64-C8E3C39CA105}.Debug|ARM.ActiveCfg = Debug|Any CPU
		{DC0C6FC8-7D9D-4AC6-9B64-C8E3C39CA105}.Debug|ARM.Build.0 = Debug|Any CPU
		{DC0C6FC8-7D9D-4AC6-9B64-C8E3C39CA105}.Debug|x64.ActiveCfg = Debug|Any CPU
		{DC0C6FC8-7D9D-4AC6-9B64-C8E3C39CA105}.Debug|x64.Build.0 = Debug|Any CPU
		{DC0C6FC8-7D9D-4AC6-9B64-C8E3C39CA105}.Debug|x86.ActiveCfg = Debug|Any CPU
		{DC0C6FC8-7D9D-4AC6-9B64-C8E3C39CA105}.Debug|x86.Build.0 = Debug|Any CPU
		{DC0C6FC8-7D9D-4AC6-9B64-C8E3C39CA105}.Release|Any CPU.ActiveCfg = Release|Any CPU
		{DC0C6FC8-7D9D-4AC6-9B64-C8E3C39CA105}.Release|Any CPU.Build.0 = Release|Any CPU
		{DC0C6FC8-7D9D-4AC6-9B64-C8E3C39CA105}.Release|ARM.ActiveCfg = Release|Any CPU
		{DC0C6FC8-7D9D-4AC6-9B64-C8E3C39CA105}.Release|ARM.Build.0 = Release|Any CPU
		{DC0C6FC8-7D9D-4AC6-9B64-C8E3C39CA105}.Release|x64.ActiveCfg = Release|Any CPU
		{DC0C6FC8-7D9D-4AC6-9B64-C8E3C39CA105}.Release|x64.Build.0 = Release|Any CPU
		{DC0C6FC8-7D9D-4AC6-9B64-C8E3C39CA105}.Release|x86.ActiveCfg = Release|Any CPU
		{DC0C6FC8-7D9D-4AC6-9B64-C8E3C39CA105}.Release|x86.Build.0 = Release|Any CPU
		{DB004E7D-B2E6-4F7B-AE1C-189CD5963F9A}.Debug|Any CPU.ActiveCfg = Debug|Any CPU
		{DB004E7D-B2E6-4F7B-AE1C-189CD5963F9A}.Debug|Any CPU.Build.0 = Debug|Any CPU
		{DB004E7D-B2E6-4F7B-AE1C-189CD5963F9A}.Debug|ARM.ActiveCfg = Debug|Any CPU
		{DB004E7D-B2E6-4F7B-AE1C-189CD5963F9A}.Debug|ARM.Build.0 = Debug|Any CPU
		{DB004E7D-B2E6-4F7B-AE1C-189CD5963F9A}.Debug|x64.ActiveCfg = Debug|Any CPU
		{DB004E7D-B2E6-4F7B-AE1C-189CD5963F9A}.Debug|x64.Build.0 = Debug|Any CPU
		{DB004E7D-B2E6-4F7B-AE1C-189CD5963F9A}.Debug|x86.ActiveCfg = Debug|Any CPU
		{DB004E7D-B2E6-4F7B-AE1C-189CD5963F9A}.Debug|x86.Build.0 = Debug|Any CPU
		{DB004E7D-B2E6-4F7B-AE1C-189CD5963F9A}.Release|Any CPU.ActiveCfg = Release|Any CPU
		{DB004E7D-B2E6-4F7B-AE1C-189CD5963F9A}.Release|Any CPU.Build.0 = Release|Any CPU
		{DB004E7D-B2E6-4F7B-AE1C-189CD5963F9A}.Release|ARM.ActiveCfg = Release|Any CPU
		{DB004E7D-B2E6-4F7B-AE1C-189CD5963F9A}.Release|ARM.Build.0 = Release|Any CPU
		{DB004E7D-B2E6-4F7B-AE1C-189CD5963F9A}.Release|x64.ActiveCfg = Release|Any CPU
		{DB004E7D-B2E6-4F7B-AE1C-189CD5963F9A}.Release|x64.Build.0 = Release|Any CPU
		{DB004E7D-B2E6-4F7B-AE1C-189CD5963F9A}.Release|x86.ActiveCfg = Release|Any CPU
		{DB004E7D-B2E6-4F7B-AE1C-189CD5963F9A}.Release|x86.Build.0 = Release|Any CPU
		{DD2B786E-17B1-443B-A449-49199B6A46A8}.Debug|Any CPU.ActiveCfg = Debug|Any CPU
		{DD2B786E-17B1-443B-A449-49199B6A46A8}.Debug|Any CPU.Build.0 = Debug|Any CPU
		{DD2B786E-17B1-443B-A449-49199B6A46A8}.Debug|ARM.ActiveCfg = Debug|Any CPU
		{DD2B786E-17B1-443B-A449-49199B6A46A8}.Debug|ARM.Build.0 = Debug|Any CPU
		{DD2B786E-17B1-443B-A449-49199B6A46A8}.Debug|x64.ActiveCfg = Debug|Any CPU
		{DD2B786E-17B1-443B-A449-49199B6A46A8}.Debug|x64.Build.0 = Debug|Any CPU
		{DD2B786E-17B1-443B-A449-49199B6A46A8}.Debug|x86.ActiveCfg = Debug|Any CPU
		{DD2B786E-17B1-443B-A449-49199B6A46A8}.Debug|x86.Build.0 = Debug|Any CPU
		{DD2B786E-17B1-443B-A449-49199B6A46A8}.Release|Any CPU.ActiveCfg = Release|Any CPU
		{DD2B786E-17B1-443B-A449-49199B6A46A8}.Release|Any CPU.Build.0 = Release|Any CPU
		{DD2B786E-17B1-443B-A449-49199B6A46A8}.Release|ARM.ActiveCfg = Release|Any CPU
		{DD2B786E-17B1-443B-A449-49199B6A46A8}.Release|ARM.Build.0 = Release|Any CPU
		{DD2B786E-17B1-443B-A449-49199B6A46A8}.Release|x64.ActiveCfg = Release|Any CPU
		{DD2B786E-17B1-443B-A449-49199B6A46A8}.Release|x64.Build.0 = Release|Any CPU
		{DD2B786E-17B1-443B-A449-49199B6A46A8}.Release|x86.ActiveCfg = Release|Any CPU
		{DD2B786E-17B1-443B-A449-49199B6A46A8}.Release|x86.Build.0 = Release|Any CPU
		{8DE4C3E0-0FFB-4783-90F5-5D107A150328}.Debug|Any CPU.ActiveCfg = Debug|Any CPU
		{8DE4C3E0-0FFB-4783-90F5-5D107A150328}.Debug|Any CPU.Build.0 = Debug|Any CPU
		{8DE4C3E0-0FFB-4783-90F5-5D107A150328}.Debug|ARM.ActiveCfg = Debug|Any CPU
		{8DE4C3E0-0FFB-4783-90F5-5D107A150328}.Debug|ARM.Build.0 = Debug|Any CPU
		{8DE4C3E0-0FFB-4783-90F5-5D107A150328}.Debug|x64.ActiveCfg = Debug|Any CPU
		{8DE4C3E0-0FFB-4783-90F5-5D107A150328}.Debug|x64.Build.0 = Debug|Any CPU
		{8DE4C3E0-0FFB-4783-90F5-5D107A150328}.Debug|x86.ActiveCfg = Debug|Any CPU
		{8DE4C3E0-0FFB-4783-90F5-5D107A150328}.Debug|x86.Build.0 = Debug|Any CPU
		{8DE4C3E0-0FFB-4783-90F5-5D107A150328}.Release|Any CPU.ActiveCfg = Release|Any CPU
		{8DE4C3E0-0FFB-4783-90F5-5D107A150328}.Release|Any CPU.Build.0 = Release|Any CPU
		{8DE4C3E0-0FFB-4783-90F5-5D107A150328}.Release|ARM.ActiveCfg = Release|Any CPU
		{8DE4C3E0-0FFB-4783-90F5-5D107A150328}.Release|ARM.Build.0 = Release|Any CPU
		{8DE4C3E0-0FFB-4783-90F5-5D107A150328}.Release|x64.ActiveCfg = Release|Any CPU
		{8DE4C3E0-0FFB-4783-90F5-5D107A150328}.Release|x64.Build.0 = Release|Any CPU
		{8DE4C3E0-0FFB-4783-90F5-5D107A150328}.Release|x86.ActiveCfg = Release|Any CPU
		{8DE4C3E0-0FFB-4783-90F5-5D107A150328}.Release|x86.Build.0 = Release|Any CPU
		{2C4DEE9A-8B97-449B-9839-0CBD35A5306E}.Debug|Any CPU.ActiveCfg = Debug|Any CPU
		{2C4DEE9A-8B97-449B-9839-0CBD35A5306E}.Debug|Any CPU.Build.0 = Debug|Any CPU
		{2C4DEE9A-8B97-449B-9839-0CBD35A5306E}.Debug|ARM.ActiveCfg = Debug|Any CPU
		{2C4DEE9A-8B97-449B-9839-0CBD35A5306E}.Debug|ARM.Build.0 = Debug|Any CPU
		{2C4DEE9A-8B97-449B-9839-0CBD35A5306E}.Debug|x64.ActiveCfg = Debug|Any CPU
		{2C4DEE9A-8B97-449B-9839-0CBD35A5306E}.Debug|x64.Build.0 = Debug|Any CPU
		{2C4DEE9A-8B97-449B-9839-0CBD35A5306E}.Debug|x86.ActiveCfg = Debug|Any CPU
		{2C4DEE9A-8B97-449B-9839-0CBD35A5306E}.Debug|x86.Build.0 = Debug|Any CPU
		{2C4DEE9A-8B97-449B-9839-0CBD35A5306E}.Release|Any CPU.ActiveCfg = Release|Any CPU
		{2C4DEE9A-8B97-449B-9839-0CBD35A5306E}.Release|Any CPU.Build.0 = Release|Any CPU
		{2C4DEE9A-8B97-449B-9839-0CBD35A5306E}.Release|ARM.ActiveCfg = Release|Any CPU
		{2C4DEE9A-8B97-449B-9839-0CBD35A5306E}.Release|ARM.Build.0 = Release|Any CPU
		{2C4DEE9A-8B97-449B-9839-0CBD35A5306E}.Release|x64.ActiveCfg = Release|Any CPU
		{2C4DEE9A-8B97-449B-9839-0CBD35A5306E}.Release|x64.Build.0 = Release|Any CPU
		{2C4DEE9A-8B97-449B-9839-0CBD35A5306E}.Release|x86.ActiveCfg = Release|Any CPU
		{2C4DEE9A-8B97-449B-9839-0CBD35A5306E}.Release|x86.Build.0 = Release|Any CPU
		{43E1DE0E-2E05-4FBB-B19D-26D41C060716}.Debug|Any CPU.ActiveCfg = Debug|Any CPU
		{43E1DE0E-2E05-4FBB-B19D-26D41C060716}.Debug|Any CPU.Build.0 = Debug|Any CPU
		{43E1DE0E-2E05-4FBB-B19D-26D41C060716}.Debug|ARM.ActiveCfg = Debug|Any CPU
		{43E1DE0E-2E05-4FBB-B19D-26D41C060716}.Debug|ARM.Build.0 = Debug|Any CPU
		{43E1DE0E-2E05-4FBB-B19D-26D41C060716}.Debug|x64.ActiveCfg = Debug|Any CPU
		{43E1DE0E-2E05-4FBB-B19D-26D41C060716}.Debug|x64.Build.0 = Debug|Any CPU
		{43E1DE0E-2E05-4FBB-B19D-26D41C060716}.Debug|x86.ActiveCfg = Debug|Any CPU
		{43E1DE0E-2E05-4FBB-B19D-26D41C060716}.Debug|x86.Build.0 = Debug|Any CPU
		{43E1DE0E-2E05-4FBB-B19D-26D41C060716}.Release|Any CPU.ActiveCfg = Release|Any CPU
		{43E1DE0E-2E05-4FBB-B19D-26D41C060716}.Release|Any CPU.Build.0 = Release|Any CPU
		{43E1DE0E-2E05-4FBB-B19D-26D41C060716}.Release|ARM.ActiveCfg = Release|Any CPU
		{43E1DE0E-2E05-4FBB-B19D-26D41C060716}.Release|ARM.Build.0 = Release|Any CPU
		{43E1DE0E-2E05-4FBB-B19D-26D41C060716}.Release|x64.ActiveCfg = Release|Any CPU
		{43E1DE0E-2E05-4FBB-B19D-26D41C060716}.Release|x64.Build.0 = Release|Any CPU
		{43E1DE0E-2E05-4FBB-B19D-26D41C060716}.Release|x86.ActiveCfg = Release|Any CPU
		{43E1DE0E-2E05-4FBB-B19D-26D41C060716}.Release|x86.Build.0 = Release|Any CPU
		{022FFC42-784D-4D25-8598-3E356DC7B7DB}.Debug|Any CPU.ActiveCfg = Debug|Any CPU
		{022FFC42-784D-4D25-8598-3E356DC7B7DB}.Debug|Any CPU.Build.0 = Debug|Any CPU
		{022FFC42-784D-4D25-8598-3E356DC7B7DB}.Debug|ARM.ActiveCfg = Debug|Any CPU
		{022FFC42-784D-4D25-8598-3E356DC7B7DB}.Debug|ARM.Build.0 = Debug|Any CPU
		{022FFC42-784D-4D25-8598-3E356DC7B7DB}.Debug|x64.ActiveCfg = Debug|Any CPU
		{022FFC42-784D-4D25-8598-3E356DC7B7DB}.Debug|x64.Build.0 = Debug|Any CPU
		{022FFC42-784D-4D25-8598-3E356DC7B7DB}.Debug|x86.ActiveCfg = Debug|Any CPU
		{022FFC42-784D-4D25-8598-3E356DC7B7DB}.Debug|x86.Build.0 = Debug|Any CPU
		{022FFC42-784D-4D25-8598-3E356DC7B7DB}.Release|Any CPU.ActiveCfg = Release|Any CPU
		{022FFC42-784D-4D25-8598-3E356DC7B7DB}.Release|Any CPU.Build.0 = Release|Any CPU
		{022FFC42-784D-4D25-8598-3E356DC7B7DB}.Release|ARM.ActiveCfg = Release|Any CPU
		{022FFC42-784D-4D25-8598-3E356DC7B7DB}.Release|ARM.Build.0 = Release|Any CPU
		{022FFC42-784D-4D25-8598-3E356DC7B7DB}.Release|x64.ActiveCfg = Release|Any CPU
		{022FFC42-784D-4D25-8598-3E356DC7B7DB}.Release|x64.Build.0 = Release|Any CPU
		{022FFC42-784D-4D25-8598-3E356DC7B7DB}.Release|x86.ActiveCfg = Release|Any CPU
		{022FFC42-784D-4D25-8598-3E356DC7B7DB}.Release|x86.Build.0 = Release|Any CPU
		{7FF9E326-5841-4DD3-8840-7B4CD898C5F0}.Debug|Any CPU.ActiveCfg = Debug|Any CPU
		{7FF9E326-5841-4DD3-8840-7B4CD898C5F0}.Debug|Any CPU.Build.0 = Debug|Any CPU
		{7FF9E326-5841-4DD3-8840-7B4CD898C5F0}.Debug|ARM.ActiveCfg = Debug|Any CPU
		{7FF9E326-5841-4DD3-8840-7B4CD898C5F0}.Debug|ARM.Build.0 = Debug|Any CPU
		{7FF9E326-5841-4DD3-8840-7B4CD898C5F0}.Debug|x64.ActiveCfg = Debug|Any CPU
		{7FF9E326-5841-4DD3-8840-7B4CD898C5F0}.Debug|x64.Build.0 = Debug|Any CPU
		{7FF9E326-5841-4DD3-8840-7B4CD898C5F0}.Debug|x86.ActiveCfg = Debug|Any CPU
		{7FF9E326-5841-4DD3-8840-7B4CD898C5F0}.Debug|x86.Build.0 = Debug|Any CPU
		{7FF9E326-5841-4DD3-8840-7B4CD898C5F0}.Release|Any CPU.ActiveCfg = Release|Any CPU
		{7FF9E326-5841-4DD3-8840-7B4CD898C5F0}.Release|Any CPU.Build.0 = Release|Any CPU
		{7FF9E326-5841-4DD3-8840-7B4CD898C5F0}.Release|ARM.ActiveCfg = Release|Any CPU
		{7FF9E326-5841-4DD3-8840-7B4CD898C5F0}.Release|ARM.Build.0 = Release|Any CPU
		{7FF9E326-5841-4DD3-8840-7B4CD898C5F0}.Release|x64.ActiveCfg = Release|Any CPU
		{7FF9E326-5841-4DD3-8840-7B4CD898C5F0}.Release|x64.Build.0 = Release|Any CPU
		{7FF9E326-5841-4DD3-8840-7B4CD898C5F0}.Release|x86.ActiveCfg = Release|Any CPU
		{7FF9E326-5841-4DD3-8840-7B4CD898C5F0}.Release|x86.Build.0 = Release|Any CPU
		{4BDCAF42-5631-40F4-A497-6D8410085579}.Debug|Any CPU.ActiveCfg = Debug|Any CPU
		{4BDCAF42-5631-40F4-A497-6D8410085579}.Debug|Any CPU.Build.0 = Debug|Any CPU
		{4BDCAF42-5631-40F4-A497-6D8410085579}.Debug|ARM.ActiveCfg = Debug|Any CPU
		{4BDCAF42-5631-40F4-A497-6D8410085579}.Debug|ARM.Build.0 = Debug|Any CPU
		{4BDCAF42-5631-40F4-A497-6D8410085579}.Debug|x64.ActiveCfg = Debug|Any CPU
		{4BDCAF42-5631-40F4-A497-6D8410085579}.Debug|x64.Build.0 = Debug|Any CPU
		{4BDCAF42-5631-40F4-A497-6D8410085579}.Debug|x86.ActiveCfg = Debug|Any CPU
		{4BDCAF42-5631-40F4-A497-6D8410085579}.Debug|x86.Build.0 = Debug|Any CPU
		{4BDCAF42-5631-40F4-A497-6D8410085579}.Release|Any CPU.ActiveCfg = Release|Any CPU
		{4BDCAF42-5631-40F4-A497-6D8410085579}.Release|Any CPU.Build.0 = Release|Any CPU
		{4BDCAF42-5631-40F4-A497-6D8410085579}.Release|ARM.ActiveCfg = Release|Any CPU
		{4BDCAF42-5631-40F4-A497-6D8410085579}.Release|ARM.Build.0 = Release|Any CPU
		{4BDCAF42-5631-40F4-A497-6D8410085579}.Release|x64.ActiveCfg = Release|Any CPU
		{4BDCAF42-5631-40F4-A497-6D8410085579}.Release|x64.Build.0 = Release|Any CPU
		{4BDCAF42-5631-40F4-A497-6D8410085579}.Release|x86.ActiveCfg = Release|Any CPU
		{4BDCAF42-5631-40F4-A497-6D8410085579}.Release|x86.Build.0 = Release|Any CPU
		{17546F12-066E-4435-AFD1-22DC480FA744}.Debug|Any CPU.ActiveCfg = Debug|Any CPU
		{17546F12-066E-4435-AFD1-22DC480FA744}.Debug|Any CPU.Build.0 = Debug|Any CPU
		{17546F12-066E-4435-AFD1-22DC480FA744}.Debug|ARM.ActiveCfg = Debug|Any CPU
		{17546F12-066E-4435-AFD1-22DC480FA744}.Debug|ARM.Build.0 = Debug|Any CPU
		{17546F12-066E-4435-AFD1-22DC480FA744}.Debug|x64.ActiveCfg = Debug|Any CPU
		{17546F12-066E-4435-AFD1-22DC480FA744}.Debug|x64.Build.0 = Debug|Any CPU
		{17546F12-066E-4435-AFD1-22DC480FA744}.Debug|x86.ActiveCfg = Debug|Any CPU
		{17546F12-066E-4435-AFD1-22DC480FA744}.Debug|x86.Build.0 = Debug|Any CPU
		{17546F12-066E-4435-AFD1-22DC480FA744}.Release|Any CPU.ActiveCfg = Release|Any CPU
		{17546F12-066E-4435-AFD1-22DC480FA744}.Release|Any CPU.Build.0 = Release|Any CPU
		{17546F12-066E-4435-AFD1-22DC480FA744}.Release|ARM.ActiveCfg = Release|Any CPU
		{17546F12-066E-4435-AFD1-22DC480FA744}.Release|ARM.Build.0 = Release|Any CPU
		{17546F12-066E-4435-AFD1-22DC480FA744}.Release|x64.ActiveCfg = Release|Any CPU
		{17546F12-066E-4435-AFD1-22DC480FA744}.Release|x64.Build.0 = Release|Any CPU
		{17546F12-066E-4435-AFD1-22DC480FA744}.Release|x86.ActiveCfg = Release|Any CPU
		{17546F12-066E-4435-AFD1-22DC480FA744}.Release|x86.Build.0 = Release|Any CPU
		{E8649199-6750-4863-8C2E-3C6B09F40A0D}.Debug|Any CPU.ActiveCfg = Debug|Any CPU
		{E8649199-6750-4863-8C2E-3C6B09F40A0D}.Debug|Any CPU.Build.0 = Debug|Any CPU
		{E8649199-6750-4863-8C2E-3C6B09F40A0D}.Debug|ARM.ActiveCfg = Debug|Any CPU
		{E8649199-6750-4863-8C2E-3C6B09F40A0D}.Debug|ARM.Build.0 = Debug|Any CPU
		{E8649199-6750-4863-8C2E-3C6B09F40A0D}.Debug|x64.ActiveCfg = Debug|Any CPU
		{E8649199-6750-4863-8C2E-3C6B09F40A0D}.Debug|x64.Build.0 = Debug|Any CPU
		{E8649199-6750-4863-8C2E-3C6B09F40A0D}.Debug|x86.ActiveCfg = Debug|Any CPU
		{E8649199-6750-4863-8C2E-3C6B09F40A0D}.Debug|x86.Build.0 = Debug|Any CPU
		{E8649199-6750-4863-8C2E-3C6B09F40A0D}.Release|Any CPU.ActiveCfg = Release|Any CPU
		{E8649199-6750-4863-8C2E-3C6B09F40A0D}.Release|Any CPU.Build.0 = Release|Any CPU
		{E8649199-6750-4863-8C2E-3C6B09F40A0D}.Release|ARM.ActiveCfg = Release|Any CPU
		{E8649199-6750-4863-8C2E-3C6B09F40A0D}.Release|ARM.Build.0 = Release|Any CPU
		{E8649199-6750-4863-8C2E-3C6B09F40A0D}.Release|x64.ActiveCfg = Release|Any CPU
		{E8649199-6750-4863-8C2E-3C6B09F40A0D}.Release|x64.Build.0 = Release|Any CPU
		{E8649199-6750-4863-8C2E-3C6B09F40A0D}.Release|x86.ActiveCfg = Release|Any CPU
		{E8649199-6750-4863-8C2E-3C6B09F40A0D}.Release|x86.Build.0 = Release|Any CPU
		{12E93799-D3C3-4CC9-B419-8C6930E65D4F}.Debug|Any CPU.ActiveCfg = Debug|Any CPU
		{12E93799-D3C3-4CC9-B419-8C6930E65D4F}.Debug|Any CPU.Build.0 = Debug|Any CPU
		{12E93799-D3C3-4CC9-B419-8C6930E65D4F}.Debug|ARM.ActiveCfg = Debug|Any CPU
		{12E93799-D3C3-4CC9-B419-8C6930E65D4F}.Debug|ARM.Build.0 = Debug|Any CPU
		{12E93799-D3C3-4CC9-B419-8C6930E65D4F}.Debug|x64.ActiveCfg = Debug|Any CPU
		{12E93799-D3C3-4CC9-B419-8C6930E65D4F}.Debug|x64.Build.0 = Debug|Any CPU
		{12E93799-D3C3-4CC9-B419-8C6930E65D4F}.Debug|x86.ActiveCfg = Debug|Any CPU
		{12E93799-D3C3-4CC9-B419-8C6930E65D4F}.Debug|x86.Build.0 = Debug|Any CPU
		{12E93799-D3C3-4CC9-B419-8C6930E65D4F}.Release|Any CPU.ActiveCfg = Release|Any CPU
		{12E93799-D3C3-4CC9-B419-8C6930E65D4F}.Release|Any CPU.Build.0 = Release|Any CPU
		{12E93799-D3C3-4CC9-B419-8C6930E65D4F}.Release|ARM.ActiveCfg = Release|Any CPU
		{12E93799-D3C3-4CC9-B419-8C6930E65D4F}.Release|ARM.Build.0 = Release|Any CPU
		{12E93799-D3C3-4CC9-B419-8C6930E65D4F}.Release|x64.ActiveCfg = Release|Any CPU
		{12E93799-D3C3-4CC9-B419-8C6930E65D4F}.Release|x64.Build.0 = Release|Any CPU
		{12E93799-D3C3-4CC9-B419-8C6930E65D4F}.Release|x86.ActiveCfg = Release|Any CPU
		{12E93799-D3C3-4CC9-B419-8C6930E65D4F}.Release|x86.Build.0 = Release|Any CPU
		{087675C6-118C-4BD7-B3D9-DBA504A6B17A}.Debug|Any CPU.ActiveCfg = Debug|Any CPU
		{087675C6-118C-4BD7-B3D9-DBA504A6B17A}.Debug|Any CPU.Build.0 = Debug|Any CPU
		{087675C6-118C-4BD7-B3D9-DBA504A6B17A}.Debug|ARM.ActiveCfg = Debug|Any CPU
		{087675C6-118C-4BD7-B3D9-DBA504A6B17A}.Debug|ARM.Build.0 = Debug|Any CPU
		{087675C6-118C-4BD7-B3D9-DBA504A6B17A}.Debug|x64.ActiveCfg = Debug|Any CPU
		{087675C6-118C-4BD7-B3D9-DBA504A6B17A}.Debug|x64.Build.0 = Debug|Any CPU
		{087675C6-118C-4BD7-B3D9-DBA504A6B17A}.Debug|x86.ActiveCfg = Debug|Any CPU
		{087675C6-118C-4BD7-B3D9-DBA504A6B17A}.Debug|x86.Build.0 = Debug|Any CPU
		{087675C6-118C-4BD7-B3D9-DBA504A6B17A}.Release|Any CPU.ActiveCfg = Release|Any CPU
		{087675C6-118C-4BD7-B3D9-DBA504A6B17A}.Release|Any CPU.Build.0 = Release|Any CPU
		{087675C6-118C-4BD7-B3D9-DBA504A6B17A}.Release|ARM.ActiveCfg = Release|Any CPU
		{087675C6-118C-4BD7-B3D9-DBA504A6B17A}.Release|ARM.Build.0 = Release|Any CPU
		{087675C6-118C-4BD7-B3D9-DBA504A6B17A}.Release|x64.ActiveCfg = Release|Any CPU
		{087675C6-118C-4BD7-B3D9-DBA504A6B17A}.Release|x64.Build.0 = Release|Any CPU
		{087675C6-118C-4BD7-B3D9-DBA504A6B17A}.Release|x86.ActiveCfg = Release|Any CPU
		{087675C6-118C-4BD7-B3D9-DBA504A6B17A}.Release|x86.Build.0 = Release|Any CPU
		{89733D6E-A3D3-46EB-801D-8C7302308E23}.Debug|Any CPU.ActiveCfg = Debug|Any CPU
		{89733D6E-A3D3-46EB-801D-8C7302308E23}.Debug|Any CPU.Build.0 = Debug|Any CPU
		{89733D6E-A3D3-46EB-801D-8C7302308E23}.Debug|ARM.ActiveCfg = Debug|Any CPU
		{89733D6E-A3D3-46EB-801D-8C7302308E23}.Debug|ARM.Build.0 = Debug|Any CPU
		{89733D6E-A3D3-46EB-801D-8C7302308E23}.Debug|x64.ActiveCfg = Debug|Any CPU
		{89733D6E-A3D3-46EB-801D-8C7302308E23}.Debug|x64.Build.0 = Debug|Any CPU
		{89733D6E-A3D3-46EB-801D-8C7302308E23}.Debug|x86.ActiveCfg = Debug|Any CPU
		{89733D6E-A3D3-46EB-801D-8C7302308E23}.Debug|x86.Build.0 = Debug|Any CPU
		{89733D6E-A3D3-46EB-801D-8C7302308E23}.Release|Any CPU.ActiveCfg = Release|Any CPU
		{89733D6E-A3D3-46EB-801D-8C7302308E23}.Release|Any CPU.Build.0 = Release|Any CPU
		{89733D6E-A3D3-46EB-801D-8C7302308E23}.Release|ARM.ActiveCfg = Release|Any CPU
		{89733D6E-A3D3-46EB-801D-8C7302308E23}.Release|ARM.Build.0 = Release|Any CPU
		{89733D6E-A3D3-46EB-801D-8C7302308E23}.Release|x64.ActiveCfg = Release|Any CPU
		{89733D6E-A3D3-46EB-801D-8C7302308E23}.Release|x64.Build.0 = Release|Any CPU
		{89733D6E-A3D3-46EB-801D-8C7302308E23}.Release|x86.ActiveCfg = Release|Any CPU
		{89733D6E-A3D3-46EB-801D-8C7302308E23}.Release|x86.Build.0 = Release|Any CPU
		{6BE3A785-BE2A-43A5-BA19-C493F7FC98BE}.Debug|Any CPU.ActiveCfg = Debug|Any CPU
		{6BE3A785-BE2A-43A5-BA19-C493F7FC98BE}.Debug|Any CPU.Build.0 = Debug|Any CPU
		{6BE3A785-BE2A-43A5-BA19-C493F7FC98BE}.Debug|ARM.ActiveCfg = Debug|Any CPU
		{6BE3A785-BE2A-43A5-BA19-C493F7FC98BE}.Debug|ARM.Build.0 = Debug|Any CPU
		{6BE3A785-BE2A-43A5-BA19-C493F7FC98BE}.Debug|x64.ActiveCfg = Debug|Any CPU
		{6BE3A785-BE2A-43A5-BA19-C493F7FC98BE}.Debug|x64.Build.0 = Debug|Any CPU
		{6BE3A785-BE2A-43A5-BA19-C493F7FC98BE}.Debug|x86.ActiveCfg = Debug|Any CPU
		{6BE3A785-BE2A-43A5-BA19-C493F7FC98BE}.Debug|x86.Build.0 = Debug|Any CPU
		{6BE3A785-BE2A-43A5-BA19-C493F7FC98BE}.Release|Any CPU.ActiveCfg = Release|Any CPU
		{6BE3A785-BE2A-43A5-BA19-C493F7FC98BE}.Release|Any CPU.Build.0 = Release|Any CPU
		{6BE3A785-BE2A-43A5-BA19-C493F7FC98BE}.Release|ARM.ActiveCfg = Release|Any CPU
		{6BE3A785-BE2A-43A5-BA19-C493F7FC98BE}.Release|ARM.Build.0 = Release|Any CPU
		{6BE3A785-BE2A-43A5-BA19-C493F7FC98BE}.Release|x64.ActiveCfg = Release|Any CPU
		{6BE3A785-BE2A-43A5-BA19-C493F7FC98BE}.Release|x64.Build.0 = Release|Any CPU
		{6BE3A785-BE2A-43A5-BA19-C493F7FC98BE}.Release|x86.ActiveCfg = Release|Any CPU
		{6BE3A785-BE2A-43A5-BA19-C493F7FC98BE}.Release|x86.Build.0 = Release|Any CPU
		{1C48CDF9-85E5-447A-A3AD-D9AAF7C21BF0}.Debug|Any CPU.ActiveCfg = Debug|Any CPU
		{1C48CDF9-85E5-447A-A3AD-D9AAF7C21BF0}.Debug|Any CPU.Build.0 = Debug|Any CPU
		{1C48CDF9-85E5-447A-A3AD-D9AAF7C21BF0}.Debug|ARM.ActiveCfg = Debug|Any CPU
		{1C48CDF9-85E5-447A-A3AD-D9AAF7C21BF0}.Debug|ARM.Build.0 = Debug|Any CPU
		{1C48CDF9-85E5-447A-A3AD-D9AAF7C21BF0}.Debug|x64.ActiveCfg = Debug|Any CPU
		{1C48CDF9-85E5-447A-A3AD-D9AAF7C21BF0}.Debug|x64.Build.0 = Debug|Any CPU
		{1C48CDF9-85E5-447A-A3AD-D9AAF7C21BF0}.Debug|x86.ActiveCfg = Debug|Any CPU
		{1C48CDF9-85E5-447A-A3AD-D9AAF7C21BF0}.Debug|x86.Build.0 = Debug|Any CPU
		{1C48CDF9-85E5-447A-A3AD-D9AAF7C21BF0}.Release|Any CPU.ActiveCfg = Release|Any CPU
		{1C48CDF9-85E5-447A-A3AD-D9AAF7C21BF0}.Release|Any CPU.Build.0 = Release|Any CPU
		{1C48CDF9-85E5-447A-A3AD-D9AAF7C21BF0}.Release|ARM.ActiveCfg = Release|Any CPU
		{1C48CDF9-85E5-447A-A3AD-D9AAF7C21BF0}.Release|ARM.Build.0 = Release|Any CPU
		{1C48CDF9-85E5-447A-A3AD-D9AAF7C21BF0}.Release|x64.ActiveCfg = Release|Any CPU
		{1C48CDF9-85E5-447A-A3AD-D9AAF7C21BF0}.Release|x64.Build.0 = Release|Any CPU
		{1C48CDF9-85E5-447A-A3AD-D9AAF7C21BF0}.Release|x86.ActiveCfg = Release|Any CPU
		{1C48CDF9-85E5-447A-A3AD-D9AAF7C21BF0}.Release|x86.Build.0 = Release|Any CPU
		{B7030D04-822E-4BDF-8635-580E89BAC38A}.Debug|Any CPU.ActiveCfg = Debug|Any CPU
		{B7030D04-822E-4BDF-8635-580E89BAC38A}.Debug|Any CPU.Build.0 = Debug|Any CPU
		{B7030D04-822E-4BDF-8635-580E89BAC38A}.Debug|ARM.ActiveCfg = Debug|Any CPU
		{B7030D04-822E-4BDF-8635-580E89BAC38A}.Debug|ARM.Build.0 = Debug|Any CPU
		{B7030D04-822E-4BDF-8635-580E89BAC38A}.Debug|x64.ActiveCfg = Debug|Any CPU
		{B7030D04-822E-4BDF-8635-580E89BAC38A}.Debug|x64.Build.0 = Debug|Any CPU
		{B7030D04-822E-4BDF-8635-580E89BAC38A}.Debug|x86.ActiveCfg = Debug|Any CPU
		{B7030D04-822E-4BDF-8635-580E89BAC38A}.Debug|x86.Build.0 = Debug|Any CPU
		{B7030D04-822E-4BDF-8635-580E89BAC38A}.Release|Any CPU.ActiveCfg = Release|Any CPU
		{B7030D04-822E-4BDF-8635-580E89BAC38A}.Release|Any CPU.Build.0 = Release|Any CPU
		{B7030D04-822E-4BDF-8635-580E89BAC38A}.Release|ARM.ActiveCfg = Release|Any CPU
		{B7030D04-822E-4BDF-8635-580E89BAC38A}.Release|ARM.Build.0 = Release|Any CPU
		{B7030D04-822E-4BDF-8635-580E89BAC38A}.Release|x64.ActiveCfg = Release|Any CPU
		{B7030D04-822E-4BDF-8635-580E89BAC38A}.Release|x64.Build.0 = Release|Any CPU
		{B7030D04-822E-4BDF-8635-580E89BAC38A}.Release|x86.ActiveCfg = Release|Any CPU
		{B7030D04-822E-4BDF-8635-580E89BAC38A}.Release|x86.Build.0 = Release|Any CPU
	EndGlobalSection
	GlobalSection(SolutionProperties) = preSolution
		HideSolutionNode = FALSE
	EndGlobalSection
	GlobalSection(ExtensibilityGlobals) = postSolution
		SolutionGuid = {606D052F-62C1-485D-AF33-1D3C165676F0}
	EndGlobalSection
EndGlobal
