
Microsoft Visual Studio Solution File, Format Version 12.00
# Visual Studio 15
VisualStudioVersion = 15.0.26430.13
MinimumVisualStudioVersion = 10.0.40219.1
Project("{FAE04EC0-301F-11D3-BF4B-00C04F79EFBC}") = "CorePackage", "CorePackage\CorePackage.csproj", "{DC0C6FC8-7D9D-4AC6-9B64-C8E3C39CA105}"
EndProject
Project("{FAE04EC0-301F-11D3-BF4B-00C04F79EFBC}") = "TestCore", "TestCore\TestCore.csproj", "{DB004E7D-B2E6-4F7B-AE1C-189CD5963F9A}"
	ProjectSection(ProjectDependencies) = postProject
		{DC0C6FC8-7D9D-4AC6-9B64-C8E3C39CA105} = {DC0C6FC8-7D9D-4AC6-9B64-C8E3C39CA105}
	EndProjectSection
EndProject
Project("{FAE04EC0-301F-11D3-BF4B-00C04F79EFBC}") = "CoreControl", "CoreControl\CoreControl.csproj", "{DD2B786E-17B1-443B-A449-49199B6A46A8}"
	ProjectSection(ProjectDependencies) = postProject
		{DC0C6FC8-7D9D-4AC6-9B64-C8E3C39CA105} = {DC0C6FC8-7D9D-4AC6-9B64-C8E3C39CA105}
	EndProjectSection
EndProject
Project("{FAE04EC0-301F-11D3-BF4B-00C04F79EFBC}") = "TestControler", "TestControler\TestControler.csproj", "{8DE4C3E0-0FFB-4783-90F5-5D107A150328}"
EndProject
Project("{FAE04EC0-301F-11D3-BF4B-00C04F79EFBC}") = "EventServerClient", "EventServerClient\EventServerClient.csproj", "{2C4DEE9A-8B97-449B-9839-0CBD35A5306E}"
EndProject
Project("{FAE04EC0-301F-11D3-BF4B-00C04F79EFBC}") = "EventServerClientTest", "EventServerClientTest\EventServerClientTest.csproj", "{43E1DE0E-2E05-4FBB-B19D-26D41C060716}"
EndProject
Global
	GlobalSection(SolutionConfigurationPlatforms) = preSolution
		Debug|Any CPU = Debug|Any CPU
		Debug|ARM = Debug|ARM
		Debug|x64 = Debug|x64
		Debug|x86 = Debug|x86
		Release|Any CPU = Release|Any CPU
		Release|ARM = Release|ARM
		Release|x64 = Release|x64
		Release|x86 = Release|x86
	EndGlobalSection
	GlobalSection(ProjectConfigurationPlatforms) = postSolution
		{DC0C6FC8-7D9D-4AC6-9B64-C8E3C39CA105}.Debug|Any CPU.ActiveCfg = Debug|Any CPU
		{DC0C6FC8-7D9D-4AC6-9B64-C8E3C39CA105}.Debug|Any CPU.Build.0 = Debug|Any CPU
		{DC0C6FC8-7D9D-4AC6-9B64-C8E3C39CA105}.Debug|ARM.ActiveCfg = Debug|Any CPU
		{DC0C6FC8-7D9D-4AC6-9B64-C8E3C39CA105}.Debug|ARM.Build.0 = Debug|Any CPU
		{DC0C6FC8-7D9D-4AC6-9B64-C8E3C39CA105}.Debug|x64.ActiveCfg = Debug|Any CPU
		{DC0C6FC8-7D9D-4AC6-9B64-C8E3C39CA105}.Debug|x64.Build.0 = Debug|Any CPU
		{DC0C6FC8-7D9D-4AC6-9B64-C8E3C39CA105}.Debug|x86.ActiveCfg = Debug|Any CPU
		{DC0C6FC8-7D9D-4AC6-9B64-C8E3C39CA105}.Debug|x86.Build.0 = Debug|Any CPU
		{DC0C6FC8-7D9D-4AC6-9B64-C8E3C39CA105}.Release|Any CPU.ActiveCfg = Release|Any CPU
		{DC0C6FC8-7D9D-4AC6-9B64-C8E3C39CA105}.Release|Any CPU.Build.0 = Release|Any CPU
		{DC0C6FC8-7D9D-4AC6-9B64-C8E3C39CA105}.Release|ARM.ActiveCfg = Release|Any CPU
		{DC0C6FC8-7D9D-4AC6-9B64-C8E3C39CA105}.Release|ARM.Build.0 = Release|Any CPU
		{DC0C6FC8-7D9D-4AC6-9B64-C8E3C39CA105}.Release|x64.ActiveCfg = Release|Any CPU
		{DC0C6FC8-7D9D-4AC6-9B64-C8E3C39CA105}.Release|x64.Build.0 = Release|Any CPU
		{DC0C6FC8-7D9D-4AC6-9B64-C8E3C39CA105}.Release|x86.ActiveCfg = Release|Any CPU
		{DC0C6FC8-7D9D-4AC6-9B64-C8E3C39CA105}.Release|x86.Build.0 = Release|Any CPU
		{DB004E7D-B2E6-4F7B-AE1C-189CD5963F9A}.Debug|Any CPU.ActiveCfg = Debug|Any CPU
		{DB004E7D-B2E6-4F7B-AE1C-189CD5963F9A}.Debug|Any CPU.Build.0 = Debug|Any CPU
		{DB004E7D-B2E6-4F7B-AE1C-189CD5963F9A}.Debug|ARM.ActiveCfg = Debug|Any CPU
		{DB004E7D-B2E6-4F7B-AE1C-189CD5963F9A}.Debug|ARM.Build.0 = Debug|Any CPU
		{DB004E7D-B2E6-4F7B-AE1C-189CD5963F9A}.Debug|x64.ActiveCfg = Debug|Any CPU
		{DB004E7D-B2E6-4F7B-AE1C-189CD5963F9A}.Debug|x64.Build.0 = Debug|Any CPU
		{DB004E7D-B2E6-4F7B-AE1C-189CD5963F9A}.Debug|x86.ActiveCfg = Debug|Any CPU
		{DB004E7D-B2E6-4F7B-AE1C-189CD5963F9A}.Debug|x86.Build.0 = Debug|Any CPU
		{DB004E7D-B2E6-4F7B-AE1C-189CD5963F9A}.Release|Any CPU.ActiveCfg = Release|Any CPU
		{DB004E7D-B2E6-4F7B-AE1C-189CD5963F9A}.Release|Any CPU.Build.0 = Release|Any CPU
		{DB004E7D-B2E6-4F7B-AE1C-189CD5963F9A}.Release|ARM.ActiveCfg = Release|Any CPU
		{DB004E7D-B2E6-4F7B-AE1C-189CD5963F9A}.Release|ARM.Build.0 = Release|Any CPU
		{DB004E7D-B2E6-4F7B-AE1C-189CD5963F9A}.Release|x64.ActiveCfg = Release|Any CPU
		{DB004E7D-B2E6-4F7B-AE1C-189CD5963F9A}.Release|x64.Build.0 = Release|Any CPU
		{DB004E7D-B2E6-4F7B-AE1C-189CD5963F9A}.Release|x86.ActiveCfg = Release|Any CPU
		{DB004E7D-B2E6-4F7B-AE1C-189CD5963F9A}.Release|x86.Build.0 = Release|Any CPU
		{2C4DEE9A-8B97-449B-9839-0CBD35A5306E}.Debug|Any CPU.ActiveCfg = Debug|Any CPU
		{2C4DEE9A-8B97-449B-9839-0CBD35A5306E}.Debug|Any CPU.Build.0 = Debug|Any CPU
		{2C4DEE9A-8B97-449B-9839-0CBD35A5306E}.Debug|ARM.ActiveCfg = Debug|Any CPU
		{2C4DEE9A-8B97-449B-9839-0CBD35A5306E}.Debug|ARM.Build.0 = Debug|Any CPU
		{2C4DEE9A-8B97-449B-9839-0CBD35A5306E}.Debug|x64.ActiveCfg = Debug|Any CPU
		{2C4DEE9A-8B97-449B-9839-0CBD35A5306E}.Debug|x64.Build.0 = Debug|Any CPU
		{2C4DEE9A-8B97-449B-9839-0CBD35A5306E}.Debug|x86.ActiveCfg = Debug|Any CPU
		{2C4DEE9A-8B97-449B-9839-0CBD35A5306E}.Debug|x86.Build.0 = Debug|Any CPU
		{2C4DEE9A-8B97-449B-9839-0CBD35A5306E}.Release|Any CPU.ActiveCfg = Release|Any CPU
		{2C4DEE9A-8B97-449B-9839-0CBD35A5306E}.Release|Any CPU.Build.0 = Release|Any CPU
		{2C4DEE9A-8B97-449B-9839-0CBD35A5306E}.Release|ARM.ActiveCfg = Release|Any CPU
		{2C4DEE9A-8B97-449B-9839-0CBD35A5306E}.Release|ARM.Build.0 = Release|Any CPU
		{2C4DEE9A-8B97-449B-9839-0CBD35A5306E}.Release|x64.ActiveCfg = Release|Any CPU
		{2C4DEE9A-8B97-449B-9839-0CBD35A5306E}.Release|x64.Build.0 = Release|Any CPU
		{2C4DEE9A-8B97-449B-9839-0CBD35A5306E}.Release|x86.ActiveCfg = Release|Any CPU
		{2C4DEE9A-8B97-449B-9839-0CBD35A5306E}.Release|x86.Build.0 = Release|Any CPU
		{43E1DE0E-2E05-4FBB-B19D-26D41C060716}.Debug|Any CPU.ActiveCfg = Debug|Any CPU
		{43E1DE0E-2E05-4FBB-B19D-26D41C060716}.Debug|Any CPU.Build.0 = Debug|Any CPU
		{43E1DE0E-2E05-4FBB-B19D-26D41C060716}.Debug|ARM.ActiveCfg = Debug|Any CPU
		{43E1DE0E-2E05-4FBB-B19D-26D41C060716}.Debug|ARM.Build.0 = Debug|Any CPU
		{43E1DE0E-2E05-4FBB-B19D-26D41C060716}.Debug|x64.ActiveCfg = Debug|Any CPU
		{43E1DE0E-2E05-4FBB-B19D-26D41C060716}.Debug|x64.Build.0 = Debug|Any CPU
		{43E1DE0E-2E05-4FBB-B19D-26D41C060716}.Debug|x86.ActiveCfg = Debug|Any CPU
		{43E1DE0E-2E05-4FBB-B19D-26D41C060716}.Debug|x86.Build.0 = Debug|Any CPU
		{43E1DE0E-2E05-4FBB-B19D-26D41C060716}.Release|Any CPU.ActiveCfg = Release|Any CPU
		{43E1DE0E-2E05-4FBB-B19D-26D41C060716}.Release|Any CPU.Build.0 = Release|Any CPU
		{43E1DE0E-2E05-4FBB-B19D-26D41C060716}.Release|ARM.ActiveCfg = Release|Any CPU
		{43E1DE0E-2E05-4FBB-B19D-26D41C060716}.Release|ARM.Build.0 = Release|Any CPU
		{43E1DE0E-2E05-4FBB-B19D-26D41C060716}.Release|x64.ActiveCfg = Release|Any CPU
		{43E1DE0E-2E05-4FBB-B19D-26D41C060716}.Release|x64.Build.0 = Release|Any CPU
		{43E1DE0E-2E05-4FBB-B19D-26D41C060716}.Release|x86.ActiveCfg = Release|Any CPU
		{43E1DE0E-2E05-4FBB-B19D-26D41C060716}.Release|x86.Build.0 = Release|Any CPU
		{DD2B786E-17B1-443B-A449-49199B6A46A8}.Debug|Any CPU.ActiveCfg = Debug|Any CPU
		{DD2B786E-17B1-443B-A449-49199B6A46A8}.Debug|Any CPU.Build.0 = Debug|Any CPU
		{DD2B786E-17B1-443B-A449-49199B6A46A8}.Debug|ARM.ActiveCfg = Debug|Any CPU
		{DD2B786E-17B1-443B-A449-49199B6A46A8}.Debug|ARM.Build.0 = Debug|Any CPU
		{DD2B786E-17B1-443B-A449-49199B6A46A8}.Debug|x64.ActiveCfg = Debug|Any CPU
		{DD2B786E-17B1-443B-A449-49199B6A46A8}.Debug|x64.Build.0 = Debug|Any CPU
		{DD2B786E-17B1-443B-A449-49199B6A46A8}.Debug|x86.ActiveCfg = Debug|Any CPU
		{DD2B786E-17B1-443B-A449-49199B6A46A8}.Debug|x86.Build.0 = Debug|Any CPU
		{DD2B786E-17B1-443B-A449-49199B6A46A8}.Release|Any CPU.ActiveCfg = Release|Any CPU
		{DD2B786E-17B1-443B-A449-49199B6A46A8}.Release|Any CPU.Build.0 = Release|Any CPU
		{DD2B786E-17B1-443B-A449-49199B6A46A8}.Release|ARM.ActiveCfg = Release|Any CPU
		{DD2B786E-17B1-443B-A449-49199B6A46A8}.Release|ARM.Build.0 = Release|Any CPU
		{DD2B786E-17B1-443B-A449-49199B6A46A8}.Release|x64.ActiveCfg = Release|Any CPU
		{DD2B786E-17B1-443B-A449-49199B6A46A8}.Release|x64.Build.0 = Release|Any CPU
		{DD2B786E-17B1-443B-A449-49199B6A46A8}.Release|x86.ActiveCfg = Release|Any CPU
		{DD2B786E-17B1-443B-A449-49199B6A46A8}.Release|x86.Build.0 = Release|Any CPU
		{8DE4C3E0-0FFB-4783-90F5-5D107A150328}.Debug|Any CPU.ActiveCfg = Debug|Any CPU
		{8DE4C3E0-0FFB-4783-90F5-5D107A150328}.Debug|Any CPU.Build.0 = Debug|Any CPU
		{8DE4C3E0-0FFB-4783-90F5-5D107A150328}.Debug|ARM.ActiveCfg = Debug|Any CPU
		{8DE4C3E0-0FFB-4783-90F5-5D107A150328}.Debug|ARM.Build.0 = Debug|Any CPU
		{8DE4C3E0-0FFB-4783-90F5-5D107A150328}.Debug|x64.ActiveCfg = Debug|Any CPU
		{8DE4C3E0-0FFB-4783-90F5-5D107A150328}.Debug|x64.Build.0 = Debug|Any CPU
		{8DE4C3E0-0FFB-4783-90F5-5D107A150328}.Debug|x86.ActiveCfg = Debug|Any CPU
		{8DE4C3E0-0FFB-4783-90F5-5D107A150328}.Debug|x86.Build.0 = Debug|Any CPU
		{8DE4C3E0-0FFB-4783-90F5-5D107A150328}.Release|Any CPU.ActiveCfg = Release|Any CPU
		{8DE4C3E0-0FFB-4783-90F5-5D107A150328}.Release|Any CPU.Build.0 = Release|Any CPU
		{8DE4C3E0-0FFB-4783-90F5-5D107A150328}.Release|ARM.ActiveCfg = Release|Any CPU
		{8DE4C3E0-0FFB-4783-90F5-5D107A150328}.Release|ARM.Build.0 = Release|Any CPU
		{8DE4C3E0-0FFB-4783-90F5-5D107A150328}.Release|x64.ActiveCfg = Release|Any CPU
		{8DE4C3E0-0FFB-4783-90F5-5D107A150328}.Release|x64.Build.0 = Release|Any CPU
		{8DE4C3E0-0FFB-4783-90F5-5D107A150328}.Release|x86.ActiveCfg = Release|Any CPU
		{8DE4C3E0-0FFB-4783-90F5-5D107A150328}.Release|x86.Build.0 = Release|Any CPU
	EndGlobalSection
	GlobalSection(SolutionProperties) = preSolution
		HideSolutionNode = FALSE
	EndGlobalSection
	GlobalSection(ExtensibilityGlobals) = postSolution
		SolutionGuid = {606D052F-62C1-485D-AF33-1D3C165676F0}
	EndGlobalSection
EndGlobal
